// !$*UTF8*$!
{
	archiveVersion = 1;
	classes = {
	};
	objectVersion = 56;
	objects = {

/* Begin PBXBuildFile section */
		470479012BE28D4E002CFF82 /* DateFormatter.swift in Sources */ = {isa = PBXBuildFile; fileRef = 470479002BE28D4E002CFF82 /* DateFormatter.swift */; };
		4705797C2BDBD0EF0009A2CF /* AddOOTDViewModel.swift in Sources */ = {isa = PBXBuildFile; fileRef = 4705797B2BDBD0EE0009A2CF /* AddOOTDViewModel.swift */; };
		4705797E2BDBD1190009A2CF /* AddOOTDView.swift in Sources */ = {isa = PBXBuildFile; fileRef = 4705797D2BDBD1190009A2CF /* AddOOTDView.swift */; };
		470579812BDBD3450009A2CF /* GetCoordiView.swift in Sources */ = {isa = PBXBuildFile; fileRef = 470579802BDBD3450009A2CF /* GetCoordiView.swift */; };
		47200E2D2BF0F237004B29FA /* ExtendedAlertComponent.swift in Sources */ = {isa = PBXBuildFile; fileRef = 47200E2C2BF0F237004B29FA /* ExtendedAlertComponent.swift */; };
		472FF0FE2BEBF43E001418AE /* ClothDetailComponent.swift in Sources */ = {isa = PBXBuildFile; fileRef = 472FF0FD2BEBF43E001418AE /* ClothDetailComponent.swift */; };
		472FF1002BEC21B0001418AE /* AddCoordiRecordSecondView.swift in Sources */ = {isa = PBXBuildFile; fileRef = 472FF0FF2BEC21B0001418AE /* AddCoordiRecordSecondView.swift */; };
		4738B5C92BD9A88D0025DAF6 /* FollowingViewModel.swift in Sources */ = {isa = PBXBuildFile; fileRef = 4738B5C82BD9A88D0025DAF6 /* FollowingViewModel.swift */; };
		4738C8C22BEE031600AED673 /* LocationManager.swift in Sources */ = {isa = PBXBuildFile; fileRef = 4738C8C12BEE031600AED673 /* LocationManager.swift */; };
		473BC8F92BD4F4B500E6D197 /* AlertComponent.swift in Sources */ = {isa = PBXBuildFile; fileRef = 473BC8F82BD4F4B500E6D197 /* AlertComponent.swift */; };
		473EC52F2BD0FC6300AB59D2 /* SignInViewModel.swift in Sources */ = {isa = PBXBuildFile; fileRef = 473EC52E2BD0FC6300AB59D2 /* SignInViewModel.swift */; };
		4743B7D02BEE701900F25C7E /* LocationView.swift in Sources */ = {isa = PBXBuildFile; fileRef = 4743B7CF2BEE701900F25C7E /* LocationView.swift */; };
		474656D52BF3D38400F001BF /* PutOOTDView.swift in Sources */ = {isa = PBXBuildFile; fileRef = 474656D42BF3D38400F001BF /* PutOOTDView.swift */; };
		474656D82BF3DF2700F001BF /* PutOOTDViewModel.swift in Sources */ = {isa = PBXBuildFile; fileRef = 474656D72BF3DF2700F001BF /* PutOOTDViewModel.swift */; };
		474656DA2BF469DA00F001BF /* GetCoordiforPutView.swift in Sources */ = {isa = PBXBuildFile; fileRef = 474656D92BF469DA00F001BF /* GetCoordiforPutView.swift */; };
		474656DF2BF46E2700F001BF /* OtherProfileViewModel.swift in Sources */ = {isa = PBXBuildFile; fileRef = 474656DE2BF46E2700F001BF /* OtherProfileViewModel.swift */; };
		474656E32BF482E700F001BF /* OtherProfileView.swift in Sources */ = {isa = PBXBuildFile; fileRef = 474656E22BF482E700F001BF /* OtherProfileView.swift */; };
		474E8A692BD645AB0060E081 /* ClothSelectedComponent.swift in Sources */ = {isa = PBXBuildFile; fileRef = 474E8A682BD645AB0060E081 /* ClothSelectedComponent.swift */; };
		474E8A6F2BD6707E0060E081 /* Category.swift in Sources */ = {isa = PBXBuildFile; fileRef = 474E8A6E2BD6707E0060E081 /* Category.swift */; };
		474E8A712BD672680060E081 /* Satisfaction.swift in Sources */ = {isa = PBXBuildFile; fileRef = 474E8A702BD672680060E081 /* Satisfaction.swift */; };
		474E8A732BD672BA0060E081 /* Thickness.swift in Sources */ = {isa = PBXBuildFile; fileRef = 474E8A722BD672BA0060E081 /* Thickness.swift */; };
		474E8A752BD672CC0060E081 /* TempRate.swift in Sources */ = {isa = PBXBuildFile; fileRef = 474E8A742BD672CC0060E081 /* TempRate.swift */; };
		474E8A772BD672EC0060E081 /* Weather.swift in Sources */ = {isa = PBXBuildFile; fileRef = 474E8A762BD672EC0060E081 /* Weather.swift */; };
		474E8A792BD67A430060E081 /* ClothTagComponent.swift in Sources */ = {isa = PBXBuildFile; fileRef = 474E8A782BD67A430060E081 /* ClothTagComponent.swift */; };
		474E8A7B2BD6820C0060E081 /* ThicknessTagComponent.swift in Sources */ = {isa = PBXBuildFile; fileRef = 474E8A7A2BD6820C0060E081 /* ThicknessTagComponent.swift */; };
		4754B86D2BEB3D750048C5C3 /* ClothSearchComponent.swift in Sources */ = {isa = PBXBuildFile; fileRef = 4754B86C2BEB3D750048C5C3 /* ClothSearchComponent.swift */; };
		475E8A2F2BE5DC35002F5F26 /* CoordiMainView.swift in Sources */ = {isa = PBXBuildFile; fileRef = 475E8A2E2BE5DC35002F5F26 /* CoordiMainView.swift */; };
		476D051E2BD9AEB800EB2B34 /* FollowingBtnComponent.swift in Sources */ = {isa = PBXBuildFile; fileRef = 476D051D2BD9AEB800EB2B34 /* FollowingBtnComponent.swift */; };
		476EAC3D2BD2B28D008B2E15 /* SignUpSecondView.swift in Sources */ = {isa = PBXBuildFile; fileRef = 476EAC3C2BD2B28D008B2E15 /* SignUpSecondView.swift */; };
		476EAC3F2BD2B2A1008B2E15 /* SignUpFirstView.swift in Sources */ = {isa = PBXBuildFile; fileRef = 476EAC3E2BD2B2A1008B2E15 /* SignUpFirstView.swift */; };
		47705BF22BC770A2003B5D6E /* SignUpViewModel.swift in Sources */ = {isa = PBXBuildFile; fileRef = 47705BF12BC770A2003B5D6E /* SignUpViewModel.swift */; };
		477166652BEF941600D9AC41 /* PutGoOutTimeView.swift in Sources */ = {isa = PBXBuildFile; fileRef = 477166642BEF941600D9AC41 /* PutGoOutTimeView.swift */; };
		477166692BEF944800D9AC41 /* PutGoOutTimeViewModel.swift in Sources */ = {isa = PBXBuildFile; fileRef = 477166682BEF944800D9AC41 /* PutGoOutTimeViewModel.swift */; };
		4771666B2BEFCEDE00D9AC41 /* RegisterGoOutTimeView.swift in Sources */ = {isa = PBXBuildFile; fileRef = 4771666A2BEFCEDE00D9AC41 /* RegisterGoOutTimeView.swift */; };
		4789E7232BEA0280002CF53A /* CoordiImageView.swift in Sources */ = {isa = PBXBuildFile; fileRef = 4789E7222BEA0280002CF53A /* CoordiImageView.swift */; };
		4789E7262BEA0ECA002CF53A /* AddCoordiRecordView.swift in Sources */ = {isa = PBXBuildFile; fileRef = 4789E7252BEA0ECA002CF53A /* AddCoordiRecordView.swift */; };
		4789E7282BEA0FC6002CF53A /* AddCoordiPlanView.swift in Sources */ = {isa = PBXBuildFile; fileRef = 4789E7272BEA0FC6002CF53A /* AddCoordiPlanView.swift */; };
		4789E72A2BEAB644002CF53A /* AddCoordiRecordViewModel.swift in Sources */ = {isa = PBXBuildFile; fileRef = 4789E7292BEAB644002CF53A /* AddCoordiRecordViewModel.swift */; };
		479058362BC907A3008FAD8E /* SecureFieldComponent.swift in Sources */ = {isa = PBXBuildFile; fileRef = 479058352BC907A2008FAD8E /* SecureFieldComponent.swift */; };
		47A46ED22BD97B3E0096525F /* LikeOOTDView.swift in Sources */ = {isa = PBXBuildFile; fileRef = 47A46ED12BD97B3E0096525F /* LikeOOTDView.swift */; };
		47A46ED52BD97D9A0096525F /* FollowingListView.swift in Sources */ = {isa = PBXBuildFile; fileRef = 47A46ED42BD97D9A0096525F /* FollowingListView.swift */; };
		47A46ED82BD986E60096525F /* LikeOOTDViewModel.swift in Sources */ = {isa = PBXBuildFile; fileRef = 47A46ED72BD986E60096525F /* LikeOOTDViewModel.swift */; };
		47A6E2202C03A1270096A291 /* Methods.swift in Sources */ = {isa = PBXBuildFile; fileRef = 47A6E21F2C03A1270096A291 /* Methods.swift */; };
		47A718FD2BCB769200AD66A3 /* MemberDTO.swift in Sources */ = {isa = PBXBuildFile; fileRef = 47A718FC2BCB769200AD66A3 /* MemberDTO.swift */; };
		47A922362BDF9465003234F9 /* OOTDItemView.swift in Sources */ = {isa = PBXBuildFile; fileRef = 47A922352BDF9465003234F9 /* OOTDItemView.swift */; };
		47A922382BDF9481003234F9 /* OOTDItemViewModel.swift in Sources */ = {isa = PBXBuildFile; fileRef = 47A922372BDF9481003234F9 /* OOTDItemViewModel.swift */; };
		47BAF23B2BC65882002474E7 /* OndosetHome.swift in Sources */ = {isa = PBXBuildFile; fileRef = 47BAF23A2BC65882002474E7 /* OndosetHome.swift */; };
		47BAF23D2BC658AD002474E7 /* WholeViewModel.swift in Sources */ = {isa = PBXBuildFile; fileRef = 47BAF23C2BC658AD002474E7 /* WholeViewModel.swift */; };
		47BE3A132BC37FF900F27E38 /* Member.swift in Sources */ = {isa = PBXBuildFile; fileRef = 47BE3A122BC37FF900F27E38 /* Member.swift */; };
		47BE3A152BC37FFF00F27E38 /* Clothes.swift in Sources */ = {isa = PBXBuildFile; fileRef = 47BE3A142BC37FFF00F27E38 /* Clothes.swift */; };
		47BE3A182BC3800E00F27E38 /* Coordi.swift in Sources */ = {isa = PBXBuildFile; fileRef = 47BE3A172BC3800E00F27E38 /* Coordi.swift */; };
		47BE3A1A2BC3801300F27E38 /* OOTD.swift in Sources */ = {isa = PBXBuildFile; fileRef = 47BE3A192BC3801300F27E38 /* OOTD.swift */; };
		47BE3A1D2BC3809C00F27E38 /* MemberRepository.swift in Sources */ = {isa = PBXBuildFile; fileRef = 47BE3A1C2BC3809C00F27E38 /* MemberRepository.swift */; };
		47BE3A1F2BC380A400F27E38 /* ClothesRepository.swift in Sources */ = {isa = PBXBuildFile; fileRef = 47BE3A1E2BC380A400F27E38 /* ClothesRepository.swift */; };
		47BE3A212BC380AD00F27E38 /* CoordiRepository.swift in Sources */ = {isa = PBXBuildFile; fileRef = 47BE3A202BC380AD00F27E38 /* CoordiRepository.swift */; };
		47BE3A232BC380BA00F27E38 /* OOTDRepository.swift in Sources */ = {isa = PBXBuildFile; fileRef = 47BE3A222BC380BA00F27E38 /* OOTDRepository.swift */; };
		47BE3A272BC388A700F27E38 /* KeyChainManager.swift in Sources */ = {isa = PBXBuildFile; fileRef = 47BE3A262BC388A700F27E38 /* KeyChainManager.swift */; };
		47BE3A2A2BC3898E00F27E38 /* ErrorHandler.swift in Sources */ = {isa = PBXBuildFile; fileRef = 47BE3A292BC3898E00F27E38 /* ErrorHandler.swift */; };
		47BE3A2C2BC38C8000F27E38 /* APITask.swift in Sources */ = {isa = PBXBuildFile; fileRef = 47BE3A2B2BC38C8000F27E38 /* APITask.swift */; };
		47BE3A2E2BC3910900F27E38 /* EndPoint.swift in Sources */ = {isa = PBXBuildFile; fileRef = 47BE3A2D2BC3910900F27E38 /* EndPoint.swift */; };
		47BE3A302BC3938D00F27E38 /* APIManager.swift in Sources */ = {isa = PBXBuildFile; fileRef = 47BE3A2F2BC3938D00F27E38 /* APIManager.swift */; };
		47BE3A322BC3951800F27E38 /* AuthManager.swift in Sources */ = {isa = PBXBuildFile; fileRef = 47BE3A312BC3951800F27E38 /* AuthManager.swift */; };
		47BE3A352BC3BAF500F27E38 /* BaseResponse.swift in Sources */ = {isa = PBXBuildFile; fileRef = 47BE3A342BC3BAF500F27E38 /* BaseResponse.swift */; };
		47BE3A372BC3C16B00F27E38 /* Data+.swift in Sources */ = {isa = PBXBuildFile; fileRef = 47BE3A362BC3C16B00F27E38 /* Data+.swift */; };
		47BE3A3A2BC3C97300F27E38 /* TestEndPoint.swift in Sources */ = {isa = PBXBuildFile; fileRef = 47BE3A392BC3C97300F27E38 /* TestEndPoint.swift */; };
		47BE3A3C2BC3CBBD00F27E38 /* Test.swift in Sources */ = {isa = PBXBuildFile; fileRef = 47BE3A3B2BC3CBBD00F27E38 /* Test.swift */; };
		47BE3A3E2BC3CE1600F27E38 /* TestUseCase.swift in Sources */ = {isa = PBXBuildFile; fileRef = 47BE3A3D2BC3CE1600F27E38 /* TestUseCase.swift */; };
		47BE3A402BC3CE2B00F27E38 /* TestRepository.swift in Sources */ = {isa = PBXBuildFile; fileRef = 47BE3A3F2BC3CE2B00F27E38 /* TestRepository.swift */; };
		47BE3A432BC4C99100F27E38 /* TestViewModel.swift in Sources */ = {isa = PBXBuildFile; fileRef = 47BE3A422BC4C99100F27E38 /* TestViewModel.swift */; };
		47BE3A452BC4C99B00F27E38 /* TestView.swift in Sources */ = {isa = PBXBuildFile; fileRef = 47BE3A442BC4C99B00F27E38 /* TestView.swift */; };
		47C29DB12BC23A4800E3E2B9 /* OndosetApp.swift in Sources */ = {isa = PBXBuildFile; fileRef = 47C29DB02BC23A4800E3E2B9 /* OndosetApp.swift */; };
		47C29DB52BC23A4A00E3E2B9 /* Assets.xcassets in Resources */ = {isa = PBXBuildFile; fileRef = 47C29DB42BC23A4A00E3E2B9 /* Assets.xcassets */; };
		47C29DB82BC23A4A00E3E2B9 /* Preview Assets.xcassets in Resources */ = {isa = PBXBuildFile; fileRef = 47C29DB72BC23A4A00E3E2B9 /* Preview Assets.xcassets */; };
		47C29DC22BC23A4A00E3E2B9 /* OndosetTests.swift in Sources */ = {isa = PBXBuildFile; fileRef = 47C29DC12BC23A4A00E3E2B9 /* OndosetTests.swift */; };
		47C29DCC2BC23A4A00E3E2B9 /* OndosetUITests.swift in Sources */ = {isa = PBXBuildFile; fileRef = 47C29DCB2BC23A4A00E3E2B9 /* OndosetUITests.swift */; };
		47C29DCE2BC23A4A00E3E2B9 /* OndosetUITestsLaunchTests.swift in Sources */ = {isa = PBXBuildFile; fileRef = 47C29DCD2BC23A4A00E3E2B9 /* OndosetUITestsLaunchTests.swift */; };
		47C29DDC2BC2450500E3E2B9 /* Lottie in Frameworks */ = {isa = PBXBuildFile; productRef = 47C29DDB2BC2450500E3E2B9 /* Lottie */; };
		47C29DDF2BC2451600E3E2B9 /* Kingfisher in Frameworks */ = {isa = PBXBuildFile; productRef = 47C29DDE2BC2451600E3E2B9 /* Kingfisher */; };
		47C29DE22BC2453B00E3E2B9 /* Alamofire in Frameworks */ = {isa = PBXBuildFile; productRef = 47C29DE12BC2453B00E3E2B9 /* Alamofire */; };
		47C29DF12BC2484200E3E2B9 /* SplashView.swift in Sources */ = {isa = PBXBuildFile; fileRef = 47C29DF02BC2484200E3E2B9 /* SplashView.swift */; };
		47C29DF52BC248C300E3E2B9 /* SignInView.swift in Sources */ = {isa = PBXBuildFile; fileRef = 47C29DF42BC248C300E3E2B9 /* SignInView.swift */; };
		47C29DF72BC248D000E3E2B9 /* SignUpView.swift in Sources */ = {isa = PBXBuildFile; fileRef = 47C29DF62BC248D000E3E2B9 /* SignUpView.swift */; };
		47C29DF92BC2490600E3E2B9 /* OnboardingView.swift in Sources */ = {isa = PBXBuildFile; fileRef = 47C29DF82BC2490600E3E2B9 /* OnboardingView.swift */; };
		47C29DFB2BC2491900E3E2B9 /* OnboardingViewModel.swift in Sources */ = {isa = PBXBuildFile; fileRef = 47C29DFA2BC2491900E3E2B9 /* OnboardingViewModel.swift */; };
		47C29DFE2BC2498C00E3E2B9 /* HomeMainViewModel.swift in Sources */ = {isa = PBXBuildFile; fileRef = 47C29DFD2BC2498C00E3E2B9 /* HomeMainViewModel.swift */; };
		47C29E002BC249A400E3E2B9 /* HomeMainView.swift in Sources */ = {isa = PBXBuildFile; fileRef = 47C29DFF2BC249A400E3E2B9 /* HomeMainView.swift */; };
		47C29E032BC249C300E3E2B9 /* RecordMainView.swift in Sources */ = {isa = PBXBuildFile; fileRef = 47C29E022BC249C300E3E2B9 /* RecordMainView.swift */; };
		47C29E052BC249D000E3E2B9 /* RecordMainViewModel.swift in Sources */ = {isa = PBXBuildFile; fileRef = 47C29E042BC249D000E3E2B9 /* RecordMainViewModel.swift */; };
		47C29E082BC249E900E3E2B9 /* ClosetMainView.swift in Sources */ = {isa = PBXBuildFile; fileRef = 47C29E072BC249E900E3E2B9 /* ClosetMainView.swift */; };
		47C29E0A2BC24A0200E3E2B9 /* ClosetMainViewModel.swift in Sources */ = {isa = PBXBuildFile; fileRef = 47C29E092BC24A0200E3E2B9 /* ClosetMainViewModel.swift */; };
		47C29E0D2BC24A1800E3E2B9 /* OOTDMainView.swift in Sources */ = {isa = PBXBuildFile; fileRef = 47C29E0C2BC24A1800E3E2B9 /* OOTDMainView.swift */; };
		47C29E0F2BC24A2300E3E2B9 /* OOTDMainViewModel.swift in Sources */ = {isa = PBXBuildFile; fileRef = 47C29E0E2BC24A2300E3E2B9 /* OOTDMainViewModel.swift */; };
		47C29E142BC24A5500E3E2B9 /* MyPageMainView.swift in Sources */ = {isa = PBXBuildFile; fileRef = 47C29E132BC24A5500E3E2B9 /* MyPageMainView.swift */; };
		47C29E162BC24A6300E3E2B9 /* MyPageMainViewModel.swift in Sources */ = {isa = PBXBuildFile; fileRef = 47C29E152BC24A6300E3E2B9 /* MyPageMainViewModel.swift */; };
		47C29E252BC24DD600E3E2B9 /* Font+.swift in Sources */ = {isa = PBXBuildFile; fileRef = 47C29E242BC24DD600E3E2B9 /* Font+.swift */; };
		47C29E272BC24EA400E3E2B9 /* Color+.swift in Sources */ = {isa = PBXBuildFile; fileRef = 47C29E262BC24EA400E3E2B9 /* Color+.swift */; };
		47C29E292BC2500200E3E2B9 /* ViewHiddenModifier.swift in Sources */ = {isa = PBXBuildFile; fileRef = 47C29E282BC2500200E3E2B9 /* ViewHiddenModifier.swift */; };
		47C29E2B2BC2504900E3E2B9 /* Constants.swift in Sources */ = {isa = PBXBuildFile; fileRef = 47C29E2A2BC2504900E3E2B9 /* Constants.swift */; };
		47C29E312BC2514B00E3E2B9 /* MemberUseCase.swift in Sources */ = {isa = PBXBuildFile; fileRef = 47C29E302BC2514B00E3E2B9 /* MemberUseCase.swift */; };
		47C29E332BC2515500E3E2B9 /* ClothesUseCase.swift in Sources */ = {isa = PBXBuildFile; fileRef = 47C29E322BC2515500E3E2B9 /* ClothesUseCase.swift */; };
		47C29E372BC2516F00E3E2B9 /* CoordiUseCase.swift in Sources */ = {isa = PBXBuildFile; fileRef = 47C29E362BC2516F00E3E2B9 /* CoordiUseCase.swift */; };
		47C29E392BC2517E00E3E2B9 /* OOTDUseCase.swift in Sources */ = {isa = PBXBuildFile; fileRef = 47C29E382BC2517E00E3E2B9 /* OOTDUseCase.swift */; };
		47C4C1802BE7667600B60DDE /* CoordiDTO.swift in Sources */ = {isa = PBXBuildFile; fileRef = 47C4C17F2BE7667600B60DDE /* CoordiDTO.swift */; };
		47C4C1822BE7731A00B60DDE /* CoordiMainViewModel.swift in Sources */ = {isa = PBXBuildFile; fileRef = 47C4C1812BE7731A00B60DDE /* CoordiMainViewModel.swift */; };
		47DF6F792BC6B9D900E64B12 /* Pretendard-Black.otf in Resources */ = {isa = PBXBuildFile; fileRef = 47DF6F702BC6B9D900E64B12 /* Pretendard-Black.otf */; };
		47DF6F7A2BC6B9D900E64B12 /* Pretendard-Thin.otf in Resources */ = {isa = PBXBuildFile; fileRef = 47DF6F712BC6B9D900E64B12 /* Pretendard-Thin.otf */; };
		47DF6F7B2BC6B9D900E64B12 /* Pretendard-Regular.otf in Resources */ = {isa = PBXBuildFile; fileRef = 47DF6F722BC6B9D900E64B12 /* Pretendard-Regular.otf */; };
		47DF6F7C2BC6B9D900E64B12 /* Pretendard-Light.otf in Resources */ = {isa = PBXBuildFile; fileRef = 47DF6F732BC6B9D900E64B12 /* Pretendard-Light.otf */; };
		47DF6F7D2BC6B9D900E64B12 /* Pretendard-Medium.otf in Resources */ = {isa = PBXBuildFile; fileRef = 47DF6F742BC6B9D900E64B12 /* Pretendard-Medium.otf */; };
		47DF6F7E2BC6B9D900E64B12 /* Pretendard-SemiBold.otf in Resources */ = {isa = PBXBuildFile; fileRef = 47DF6F752BC6B9D900E64B12 /* Pretendard-SemiBold.otf */; };
		47DF6F7F2BC6B9D900E64B12 /* Pretendard-ExtraBold.otf in Resources */ = {isa = PBXBuildFile; fileRef = 47DF6F762BC6B9D900E64B12 /* Pretendard-ExtraBold.otf */; };
		47DF6F802BC6B9D900E64B12 /* Pretendard-Bold.otf in Resources */ = {isa = PBXBuildFile; fileRef = 47DF6F772BC6B9D900E64B12 /* Pretendard-Bold.otf */; };
		47DF6F812BC6B9D900E64B12 /* Pretendard-ExtraLight.otf in Resources */ = {isa = PBXBuildFile; fileRef = 47DF6F782BC6B9D900E64B12 /* Pretendard-ExtraLight.otf */; };
		47DF6F992BC6BF6100E64B12 /* TextFieldComponent.swift in Sources */ = {isa = PBXBuildFile; fileRef = 47DF6F982BC6BF6100E64B12 /* TextFieldComponent.swift */; };
		47DF6F9B2BC6CC7C00E64B12 /* ButtonComponent.swift in Sources */ = {isa = PBXBuildFile; fileRef = 47DF6F9A2BC6CC7C00E64B12 /* ButtonComponent.swift */; };
		47DF6F9F2BC7010100E64B12 /* RegisterNickNameView.swift in Sources */ = {isa = PBXBuildFile; fileRef = 47DF6F9E2BC7010100E64B12 /* RegisterNickNameView.swift */; };
		47E560C92BEF3939003114CC /* PutCoordiRecordView.swift in Sources */ = {isa = PBXBuildFile; fileRef = 47E560C82BEF3939003114CC /* PutCoordiRecordView.swift */; };
		47E560CB2BEF3973003114CC /* PutCoordiRecordViewModel.swift in Sources */ = {isa = PBXBuildFile; fileRef = 47E560CA2BEF3973003114CC /* PutCoordiRecordViewModel.swift */; };
		47E6BB6F2BC56D3600A72F3D /* AppError.swift in Sources */ = {isa = PBXBuildFile; fileRef = 47E6BB6E2BC56D3600A72F3D /* AppError.swift */; };
		47E6BB712BC56FD800A72F3D /* MemberEndPoint.swift in Sources */ = {isa = PBXBuildFile; fileRef = 47E6BB702BC56FD800A72F3D /* MemberEndPoint.swift */; };
		47E740322BD8DAF0003A71D5 /* SettingView.swift in Sources */ = {isa = PBXBuildFile; fileRef = 47E740312BD8DAF0003A71D5 /* SettingView.swift */; };
		47E740372BD8DE72003A71D5 /* ImagePicker.swift in Sources */ = {isa = PBXBuildFile; fileRef = 47E740362BD8DE72003A71D5 /* ImagePicker.swift */; };
		47E7403B2BD8F788003A71D5 /* OotdDTO.swift in Sources */ = {isa = PBXBuildFile; fileRef = 47E7403A2BD8F788003A71D5 /* OotdDTO.swift */; };
		47E7403D2BD8FB71003A71D5 /* OOTDEndPoint.swift in Sources */ = {isa = PBXBuildFile; fileRef = 47E7403C2BD8FB71003A71D5 /* OOTDEndPoint.swift */; };
		47E7403F2BD90D46003A71D5 /* ClothesEndPoint.swift in Sources */ = {isa = PBXBuildFile; fileRef = 47E7403E2BD90D46003A71D5 /* ClothesEndPoint.swift */; };
		47E740412BD90D5A003A71D5 /* CoordiEndPoint.swift in Sources */ = {isa = PBXBuildFile; fileRef = 47E740402BD90D5A003A71D5 /* CoordiEndPoint.swift */; };
		47E740432BD91509003A71D5 /* OOTDComponent.swift in Sources */ = {isa = PBXBuildFile; fileRef = 47E740422BD91509003A71D5 /* OOTDComponent.swift */; };
		8812BBDE2BE3A57800F6AB08 /* ClothUnSelectedComponent.swift in Sources */ = {isa = PBXBuildFile; fileRef = 8812BBDD2BE3A57800F6AB08 /* ClothUnSelectedComponent.swift */; };
		882228F02BD98D8700CFF8B9 /* MyClothingView.swift in Sources */ = {isa = PBXBuildFile; fileRef = 882228EF2BD98D8700CFF8B9 /* MyClothingView.swift */; };
		882A51C02BD938990048EE1A /* SegmentControlComponent.swift in Sources */ = {isa = PBXBuildFile; fileRef = 882A51BF2BD938990048EE1A /* SegmentControlComponent.swift */; };
		882A51C22BD9471D0048EE1A /* SearchBarComponent.swift in Sources */ = {isa = PBXBuildFile; fileRef = 882A51C12BD9471D0048EE1A /* SearchBarComponent.swift */; };
		884E607F2BE2AC0F00682663 /* WeatherModel.swift in Sources */ = {isa = PBXBuildFile; fileRef = 884E607E2BE2AC0F00682663 /* WeatherModel.swift */; };
		884E60822BE2B7D700682663 /* WeatherView.swift in Sources */ = {isa = PBXBuildFile; fileRef = 884E60812BE2B7D700682663 /* WeatherView.swift */; };
		884E60842BE2B84D00682663 /* HomeBottomView.swift in Sources */ = {isa = PBXBuildFile; fileRef = 884E60832BE2B84D00682663 /* HomeBottomView.swift */; };
		884E60872BE2D10D00682663 /* AICoordiRecommendView.swift in Sources */ = {isa = PBXBuildFile; fileRef = 884E60862BE2D10D00682663 /* AICoordiRecommendView.swift */; };
		8856A02B2BD9731F00FCBFB8 /* ClothesDTO.swift in Sources */ = {isa = PBXBuildFile; fileRef = 8856A02A2BD9731F00FCBFB8 /* ClothesDTO.swift */; };
		8856A02D2BD988B700FCBFB8 /* BlankDataIndicateComponent.swift in Sources */ = {isa = PBXBuildFile; fileRef = 8856A02C2BD988B700FCBFB8 /* BlankDataIndicateComponent.swift */; };
		885CC2582BEEB3DB00BAE02C /* Date+.swift in Sources */ = {isa = PBXBuildFile; fileRef = 885CC2572BEEB3DB00BAE02C /* Date+.swift */; };
		88759D982BECEE44000E4B83 /* MyClothingViewModel.swift in Sources */ = {isa = PBXBuildFile; fileRef = 88759D972BECEE44000E4B83 /* MyClothingViewModel.swift */; };
		88B077552BEFEFF0002142BC /* AICoordiRecommendViewModel.swift in Sources */ = {isa = PBXBuildFile; fileRef = 88B077542BEFEFF0002142BC /* AICoordiRecommendViewModel.swift */; };
/* End PBXBuildFile section */

/* Begin PBXContainerItemProxy section */
		47C29DBE2BC23A4A00E3E2B9 /* PBXContainerItemProxy */ = {
			isa = PBXContainerItemProxy;
			containerPortal = 47C29DA52BC23A4800E3E2B9 /* Project object */;
			proxyType = 1;
			remoteGlobalIDString = 47C29DAC2BC23A4800E3E2B9;
			remoteInfo = Ondoset;
		};
		47C29DC82BC23A4A00E3E2B9 /* PBXContainerItemProxy */ = {
			isa = PBXContainerItemProxy;
			containerPortal = 47C29DA52BC23A4800E3E2B9 /* Project object */;
			proxyType = 1;
			remoteGlobalIDString = 47C29DAC2BC23A4800E3E2B9;
			remoteInfo = Ondoset;
		};
/* End PBXContainerItemProxy section */

/* Begin PBXFileReference section */
		470479002BE28D4E002CFF82 /* DateFormatter.swift */ = {isa = PBXFileReference; lastKnownFileType = sourcecode.swift; path = DateFormatter.swift; sourceTree = "<group>"; };
		4705797B2BDBD0EE0009A2CF /* AddOOTDViewModel.swift */ = {isa = PBXFileReference; lastKnownFileType = sourcecode.swift; path = AddOOTDViewModel.swift; sourceTree = "<group>"; };
		4705797D2BDBD1190009A2CF /* AddOOTDView.swift */ = {isa = PBXFileReference; lastKnownFileType = sourcecode.swift; path = AddOOTDView.swift; sourceTree = "<group>"; };
		470579802BDBD3450009A2CF /* GetCoordiView.swift */ = {isa = PBXFileReference; lastKnownFileType = sourcecode.swift; path = GetCoordiView.swift; sourceTree = "<group>"; };
		47200E2C2BF0F237004B29FA /* ExtendedAlertComponent.swift */ = {isa = PBXFileReference; lastKnownFileType = sourcecode.swift; path = ExtendedAlertComponent.swift; sourceTree = "<group>"; };
		472FF0FD2BEBF43E001418AE /* ClothDetailComponent.swift */ = {isa = PBXFileReference; lastKnownFileType = sourcecode.swift; path = ClothDetailComponent.swift; sourceTree = "<group>"; };
		472FF0FF2BEC21B0001418AE /* AddCoordiRecordSecondView.swift */ = {isa = PBXFileReference; lastKnownFileType = sourcecode.swift; path = AddCoordiRecordSecondView.swift; sourceTree = "<group>"; };
		4738B5C82BD9A88D0025DAF6 /* FollowingViewModel.swift */ = {isa = PBXFileReference; lastKnownFileType = sourcecode.swift; path = FollowingViewModel.swift; sourceTree = "<group>"; };
		4738C8C12BEE031600AED673 /* LocationManager.swift */ = {isa = PBXFileReference; lastKnownFileType = sourcecode.swift; path = LocationManager.swift; sourceTree = "<group>"; };
		473BC8F82BD4F4B500E6D197 /* AlertComponent.swift */ = {isa = PBXFileReference; lastKnownFileType = sourcecode.swift; path = AlertComponent.swift; sourceTree = "<group>"; };
		473EC52E2BD0FC6300AB59D2 /* SignInViewModel.swift */ = {isa = PBXFileReference; lastKnownFileType = sourcecode.swift; path = SignInViewModel.swift; sourceTree = "<group>"; };
		4743B7CF2BEE701900F25C7E /* LocationView.swift */ = {isa = PBXFileReference; lastKnownFileType = sourcecode.swift; path = LocationView.swift; sourceTree = "<group>"; };
		474656D42BF3D38400F001BF /* PutOOTDView.swift */ = {isa = PBXFileReference; lastKnownFileType = sourcecode.swift; path = PutOOTDView.swift; sourceTree = "<group>"; };
		474656D72BF3DF2700F001BF /* PutOOTDViewModel.swift */ = {isa = PBXFileReference; lastKnownFileType = sourcecode.swift; path = PutOOTDViewModel.swift; sourceTree = "<group>"; };
		474656D92BF469DA00F001BF /* GetCoordiforPutView.swift */ = {isa = PBXFileReference; lastKnownFileType = sourcecode.swift; path = GetCoordiforPutView.swift; sourceTree = "<group>"; };
		474656DE2BF46E2700F001BF /* OtherProfileViewModel.swift */ = {isa = PBXFileReference; lastKnownFileType = sourcecode.swift; path = OtherProfileViewModel.swift; sourceTree = "<group>"; };
		474656E22BF482E700F001BF /* OtherProfileView.swift */ = {isa = PBXFileReference; lastKnownFileType = sourcecode.swift; path = OtherProfileView.swift; sourceTree = "<group>"; };
		474E8A682BD645AB0060E081 /* ClothSelectedComponent.swift */ = {isa = PBXFileReference; lastKnownFileType = sourcecode.swift; path = ClothSelectedComponent.swift; sourceTree = "<group>"; };
		474E8A6E2BD6707E0060E081 /* Category.swift */ = {isa = PBXFileReference; lastKnownFileType = sourcecode.swift; path = Category.swift; sourceTree = "<group>"; };
		474E8A702BD672680060E081 /* Satisfaction.swift */ = {isa = PBXFileReference; lastKnownFileType = sourcecode.swift; path = Satisfaction.swift; sourceTree = "<group>"; };
		474E8A722BD672BA0060E081 /* Thickness.swift */ = {isa = PBXFileReference; lastKnownFileType = sourcecode.swift; path = Thickness.swift; sourceTree = "<group>"; };
		474E8A742BD672CC0060E081 /* TempRate.swift */ = {isa = PBXFileReference; lastKnownFileType = sourcecode.swift; path = TempRate.swift; sourceTree = "<group>"; };
		474E8A762BD672EC0060E081 /* Weather.swift */ = {isa = PBXFileReference; lastKnownFileType = sourcecode.swift; path = Weather.swift; sourceTree = "<group>"; };
		474E8A782BD67A430060E081 /* ClothTagComponent.swift */ = {isa = PBXFileReference; lastKnownFileType = sourcecode.swift; path = ClothTagComponent.swift; sourceTree = "<group>"; };
		474E8A7A2BD6820C0060E081 /* ThicknessTagComponent.swift */ = {isa = PBXFileReference; lastKnownFileType = sourcecode.swift; path = ThicknessTagComponent.swift; sourceTree = "<group>"; };
		4754B86C2BEB3D750048C5C3 /* ClothSearchComponent.swift */ = {isa = PBXFileReference; lastKnownFileType = sourcecode.swift; path = ClothSearchComponent.swift; sourceTree = "<group>"; };
		475E8A2E2BE5DC35002F5F26 /* CoordiMainView.swift */ = {isa = PBXFileReference; lastKnownFileType = sourcecode.swift; path = CoordiMainView.swift; sourceTree = "<group>"; };
		476D051D2BD9AEB800EB2B34 /* FollowingBtnComponent.swift */ = {isa = PBXFileReference; lastKnownFileType = sourcecode.swift; path = FollowingBtnComponent.swift; sourceTree = "<group>"; };
		476EAC3C2BD2B28D008B2E15 /* SignUpSecondView.swift */ = {isa = PBXFileReference; lastKnownFileType = sourcecode.swift; path = SignUpSecondView.swift; sourceTree = "<group>"; };
		476EAC3E2BD2B2A1008B2E15 /* SignUpFirstView.swift */ = {isa = PBXFileReference; lastKnownFileType = sourcecode.swift; path = SignUpFirstView.swift; sourceTree = "<group>"; };
		47705BF12BC770A2003B5D6E /* SignUpViewModel.swift */ = {isa = PBXFileReference; lastKnownFileType = sourcecode.swift; path = SignUpViewModel.swift; sourceTree = "<group>"; };
		477166642BEF941600D9AC41 /* PutGoOutTimeView.swift */ = {isa = PBXFileReference; lastKnownFileType = sourcecode.swift; path = PutGoOutTimeView.swift; sourceTree = "<group>"; };
		477166682BEF944800D9AC41 /* PutGoOutTimeViewModel.swift */ = {isa = PBXFileReference; lastKnownFileType = sourcecode.swift; path = PutGoOutTimeViewModel.swift; sourceTree = "<group>"; };
		4771666A2BEFCEDE00D9AC41 /* RegisterGoOutTimeView.swift */ = {isa = PBXFileReference; lastKnownFileType = sourcecode.swift; path = RegisterGoOutTimeView.swift; sourceTree = "<group>"; };
		4789E7222BEA0280002CF53A /* CoordiImageView.swift */ = {isa = PBXFileReference; lastKnownFileType = sourcecode.swift; path = CoordiImageView.swift; sourceTree = "<group>"; };
		4789E7252BEA0ECA002CF53A /* AddCoordiRecordView.swift */ = {isa = PBXFileReference; lastKnownFileType = sourcecode.swift; path = AddCoordiRecordView.swift; sourceTree = "<group>"; };
		4789E7272BEA0FC6002CF53A /* AddCoordiPlanView.swift */ = {isa = PBXFileReference; lastKnownFileType = sourcecode.swift; path = AddCoordiPlanView.swift; sourceTree = "<group>"; };
		4789E7292BEAB644002CF53A /* AddCoordiRecordViewModel.swift */ = {isa = PBXFileReference; lastKnownFileType = sourcecode.swift; path = AddCoordiRecordViewModel.swift; sourceTree = "<group>"; };
		479058352BC907A2008FAD8E /* SecureFieldComponent.swift */ = {isa = PBXFileReference; lastKnownFileType = sourcecode.swift; path = SecureFieldComponent.swift; sourceTree = "<group>"; };
		47A46ED12BD97B3E0096525F /* LikeOOTDView.swift */ = {isa = PBXFileReference; lastKnownFileType = sourcecode.swift; path = LikeOOTDView.swift; sourceTree = "<group>"; };
		47A46ED42BD97D9A0096525F /* FollowingListView.swift */ = {isa = PBXFileReference; lastKnownFileType = sourcecode.swift; path = FollowingListView.swift; sourceTree = "<group>"; };
		47A46ED72BD986E60096525F /* LikeOOTDViewModel.swift */ = {isa = PBXFileReference; lastKnownFileType = sourcecode.swift; path = LikeOOTDViewModel.swift; sourceTree = "<group>"; };
		47A6E21F2C03A1270096A291 /* Methods.swift */ = {isa = PBXFileReference; lastKnownFileType = sourcecode.swift; path = Methods.swift; sourceTree = "<group>"; };
		47A718FC2BCB769200AD66A3 /* MemberDTO.swift */ = {isa = PBXFileReference; lastKnownFileType = sourcecode.swift; path = MemberDTO.swift; sourceTree = "<group>"; };
		47A922352BDF9465003234F9 /* OOTDItemView.swift */ = {isa = PBXFileReference; lastKnownFileType = sourcecode.swift; path = OOTDItemView.swift; sourceTree = "<group>"; };
		47A922372BDF9481003234F9 /* OOTDItemViewModel.swift */ = {isa = PBXFileReference; lastKnownFileType = sourcecode.swift; path = OOTDItemViewModel.swift; sourceTree = "<group>"; };
		47BAF23A2BC65882002474E7 /* OndosetHome.swift */ = {isa = PBXFileReference; lastKnownFileType = sourcecode.swift; path = OndosetHome.swift; sourceTree = "<group>"; };
		47BAF23C2BC658AD002474E7 /* WholeViewModel.swift */ = {isa = PBXFileReference; lastKnownFileType = sourcecode.swift; path = WholeViewModel.swift; sourceTree = "<group>"; };
		47BAF23E2BC6673D002474E7 /* Info.plist */ = {isa = PBXFileReference; lastKnownFileType = text.plist; path = Info.plist; sourceTree = "<group>"; };
		47BE3A122BC37FF900F27E38 /* Member.swift */ = {isa = PBXFileReference; lastKnownFileType = sourcecode.swift; path = Member.swift; sourceTree = "<group>"; };
		47BE3A142BC37FFF00F27E38 /* Clothes.swift */ = {isa = PBXFileReference; lastKnownFileType = sourcecode.swift; path = Clothes.swift; sourceTree = "<group>"; };
		47BE3A172BC3800E00F27E38 /* Coordi.swift */ = {isa = PBXFileReference; lastKnownFileType = sourcecode.swift; path = Coordi.swift; sourceTree = "<group>"; };
		47BE3A192BC3801300F27E38 /* OOTD.swift */ = {isa = PBXFileReference; lastKnownFileType = sourcecode.swift; path = OOTD.swift; sourceTree = "<group>"; };
		47BE3A1C2BC3809C00F27E38 /* MemberRepository.swift */ = {isa = PBXFileReference; lastKnownFileType = sourcecode.swift; path = MemberRepository.swift; sourceTree = "<group>"; };
		47BE3A1E2BC380A400F27E38 /* ClothesRepository.swift */ = {isa = PBXFileReference; lastKnownFileType = sourcecode.swift; path = ClothesRepository.swift; sourceTree = "<group>"; };
		47BE3A202BC380AD00F27E38 /* CoordiRepository.swift */ = {isa = PBXFileReference; lastKnownFileType = sourcecode.swift; path = CoordiRepository.swift; sourceTree = "<group>"; };
		47BE3A222BC380BA00F27E38 /* OOTDRepository.swift */ = {isa = PBXFileReference; lastKnownFileType = sourcecode.swift; path = OOTDRepository.swift; sourceTree = "<group>"; };
		47BE3A262BC388A700F27E38 /* KeyChainManager.swift */ = {isa = PBXFileReference; lastKnownFileType = sourcecode.swift; path = KeyChainManager.swift; sourceTree = "<group>"; };
		47BE3A292BC3898E00F27E38 /* ErrorHandler.swift */ = {isa = PBXFileReference; lastKnownFileType = sourcecode.swift; path = ErrorHandler.swift; sourceTree = "<group>"; };
		47BE3A2B2BC38C8000F27E38 /* APITask.swift */ = {isa = PBXFileReference; lastKnownFileType = sourcecode.swift; path = APITask.swift; sourceTree = "<group>"; };
		47BE3A2D2BC3910900F27E38 /* EndPoint.swift */ = {isa = PBXFileReference; lastKnownFileType = sourcecode.swift; path = EndPoint.swift; sourceTree = "<group>"; };
		47BE3A2F2BC3938D00F27E38 /* APIManager.swift */ = {isa = PBXFileReference; lastKnownFileType = sourcecode.swift; path = APIManager.swift; sourceTree = "<group>"; };
		47BE3A312BC3951800F27E38 /* AuthManager.swift */ = {isa = PBXFileReference; lastKnownFileType = sourcecode.swift; path = AuthManager.swift; sourceTree = "<group>"; };
		47BE3A342BC3BAF500F27E38 /* BaseResponse.swift */ = {isa = PBXFileReference; lastKnownFileType = sourcecode.swift; path = BaseResponse.swift; sourceTree = "<group>"; };
		47BE3A362BC3C16B00F27E38 /* Data+.swift */ = {isa = PBXFileReference; lastKnownFileType = sourcecode.swift; path = "Data+.swift"; sourceTree = "<group>"; };
		47BE3A392BC3C97300F27E38 /* TestEndPoint.swift */ = {isa = PBXFileReference; lastKnownFileType = sourcecode.swift; path = TestEndPoint.swift; sourceTree = "<group>"; };
		47BE3A3B2BC3CBBD00F27E38 /* Test.swift */ = {isa = PBXFileReference; lastKnownFileType = sourcecode.swift; path = Test.swift; sourceTree = "<group>"; };
		47BE3A3D2BC3CE1600F27E38 /* TestUseCase.swift */ = {isa = PBXFileReference; lastKnownFileType = sourcecode.swift; path = TestUseCase.swift; sourceTree = "<group>"; };
		47BE3A3F2BC3CE2B00F27E38 /* TestRepository.swift */ = {isa = PBXFileReference; lastKnownFileType = sourcecode.swift; path = TestRepository.swift; sourceTree = "<group>"; };
		47BE3A422BC4C99100F27E38 /* TestViewModel.swift */ = {isa = PBXFileReference; lastKnownFileType = sourcecode.swift; path = TestViewModel.swift; sourceTree = "<group>"; };
		47BE3A442BC4C99B00F27E38 /* TestView.swift */ = {isa = PBXFileReference; lastKnownFileType = sourcecode.swift; path = TestView.swift; sourceTree = "<group>"; };
		47C29DAD2BC23A4800E3E2B9 /* Ondoset.app */ = {isa = PBXFileReference; explicitFileType = wrapper.application; includeInIndex = 0; path = Ondoset.app; sourceTree = BUILT_PRODUCTS_DIR; };
		47C29DB02BC23A4800E3E2B9 /* OndosetApp.swift */ = {isa = PBXFileReference; lastKnownFileType = sourcecode.swift; path = OndosetApp.swift; sourceTree = "<group>"; };
		47C29DB42BC23A4A00E3E2B9 /* Assets.xcassets */ = {isa = PBXFileReference; lastKnownFileType = folder.assetcatalog; path = Assets.xcassets; sourceTree = "<group>"; };
		47C29DB72BC23A4A00E3E2B9 /* Preview Assets.xcassets */ = {isa = PBXFileReference; lastKnownFileType = folder.assetcatalog; path = "Preview Assets.xcassets"; sourceTree = "<group>"; };
		47C29DBD2BC23A4A00E3E2B9 /* OndosetTests.xctest */ = {isa = PBXFileReference; explicitFileType = wrapper.cfbundle; includeInIndex = 0; path = OndosetTests.xctest; sourceTree = BUILT_PRODUCTS_DIR; };
		47C29DC12BC23A4A00E3E2B9 /* OndosetTests.swift */ = {isa = PBXFileReference; lastKnownFileType = sourcecode.swift; path = OndosetTests.swift; sourceTree = "<group>"; };
		47C29DC72BC23A4A00E3E2B9 /* OndosetUITests.xctest */ = {isa = PBXFileReference; explicitFileType = wrapper.cfbundle; includeInIndex = 0; path = OndosetUITests.xctest; sourceTree = BUILT_PRODUCTS_DIR; };
		47C29DCB2BC23A4A00E3E2B9 /* OndosetUITests.swift */ = {isa = PBXFileReference; lastKnownFileType = sourcecode.swift; path = OndosetUITests.swift; sourceTree = "<group>"; };
		47C29DCD2BC23A4A00E3E2B9 /* OndosetUITestsLaunchTests.swift */ = {isa = PBXFileReference; lastKnownFileType = sourcecode.swift; path = OndosetUITestsLaunchTests.swift; sourceTree = "<group>"; };
		47C29DF02BC2484200E3E2B9 /* SplashView.swift */ = {isa = PBXFileReference; lastKnownFileType = sourcecode.swift; path = SplashView.swift; sourceTree = "<group>"; };
		47C29DF42BC248C300E3E2B9 /* SignInView.swift */ = {isa = PBXFileReference; lastKnownFileType = sourcecode.swift; path = SignInView.swift; sourceTree = "<group>"; };
		47C29DF62BC248D000E3E2B9 /* SignUpView.swift */ = {isa = PBXFileReference; lastKnownFileType = sourcecode.swift; path = SignUpView.swift; sourceTree = "<group>"; };
		47C29DF82BC2490600E3E2B9 /* OnboardingView.swift */ = {isa = PBXFileReference; lastKnownFileType = sourcecode.swift; path = OnboardingView.swift; sourceTree = "<group>"; };
		47C29DFA2BC2491900E3E2B9 /* OnboardingViewModel.swift */ = {isa = PBXFileReference; lastKnownFileType = sourcecode.swift; path = OnboardingViewModel.swift; sourceTree = "<group>"; };
		47C29DFD2BC2498C00E3E2B9 /* HomeMainViewModel.swift */ = {isa = PBXFileReference; lastKnownFileType = sourcecode.swift; path = HomeMainViewModel.swift; sourceTree = "<group>"; };
		47C29DFF2BC249A400E3E2B9 /* HomeMainView.swift */ = {isa = PBXFileReference; lastKnownFileType = sourcecode.swift; path = HomeMainView.swift; sourceTree = "<group>"; };
		47C29E022BC249C300E3E2B9 /* RecordMainView.swift */ = {isa = PBXFileReference; lastKnownFileType = sourcecode.swift; path = RecordMainView.swift; sourceTree = "<group>"; };
		47C29E042BC249D000E3E2B9 /* RecordMainViewModel.swift */ = {isa = PBXFileReference; lastKnownFileType = sourcecode.swift; path = RecordMainViewModel.swift; sourceTree = "<group>"; };
		47C29E072BC249E900E3E2B9 /* ClosetMainView.swift */ = {isa = PBXFileReference; lastKnownFileType = sourcecode.swift; path = ClosetMainView.swift; sourceTree = "<group>"; };
		47C29E092BC24A0200E3E2B9 /* ClosetMainViewModel.swift */ = {isa = PBXFileReference; lastKnownFileType = sourcecode.swift; path = ClosetMainViewModel.swift; sourceTree = "<group>"; };
		47C29E0C2BC24A1800E3E2B9 /* OOTDMainView.swift */ = {isa = PBXFileReference; lastKnownFileType = sourcecode.swift; path = OOTDMainView.swift; sourceTree = "<group>"; };
		47C29E0E2BC24A2300E3E2B9 /* OOTDMainViewModel.swift */ = {isa = PBXFileReference; lastKnownFileType = sourcecode.swift; path = OOTDMainViewModel.swift; sourceTree = "<group>"; };
		47C29E132BC24A5500E3E2B9 /* MyPageMainView.swift */ = {isa = PBXFileReference; lastKnownFileType = sourcecode.swift; path = MyPageMainView.swift; sourceTree = "<group>"; };
		47C29E152BC24A6300E3E2B9 /* MyPageMainViewModel.swift */ = {isa = PBXFileReference; lastKnownFileType = sourcecode.swift; path = MyPageMainViewModel.swift; sourceTree = "<group>"; };
		47C29E242BC24DD600E3E2B9 /* Font+.swift */ = {isa = PBXFileReference; lastKnownFileType = sourcecode.swift; path = "Font+.swift"; sourceTree = "<group>"; };
		47C29E262BC24EA400E3E2B9 /* Color+.swift */ = {isa = PBXFileReference; lastKnownFileType = sourcecode.swift; path = "Color+.swift"; sourceTree = "<group>"; };
		47C29E282BC2500200E3E2B9 /* ViewHiddenModifier.swift */ = {isa = PBXFileReference; lastKnownFileType = sourcecode.swift; path = ViewHiddenModifier.swift; sourceTree = "<group>"; };
		47C29E2A2BC2504900E3E2B9 /* Constants.swift */ = {isa = PBXFileReference; lastKnownFileType = sourcecode.swift; path = Constants.swift; sourceTree = "<group>"; };
		47C29E302BC2514B00E3E2B9 /* MemberUseCase.swift */ = {isa = PBXFileReference; lastKnownFileType = sourcecode.swift; path = MemberUseCase.swift; sourceTree = "<group>"; };
		47C29E322BC2515500E3E2B9 /* ClothesUseCase.swift */ = {isa = PBXFileReference; lastKnownFileType = sourcecode.swift; path = ClothesUseCase.swift; sourceTree = "<group>"; };
		47C29E362BC2516F00E3E2B9 /* CoordiUseCase.swift */ = {isa = PBXFileReference; lastKnownFileType = sourcecode.swift; path = CoordiUseCase.swift; sourceTree = "<group>"; };
		47C29E382BC2517E00E3E2B9 /* OOTDUseCase.swift */ = {isa = PBXFileReference; lastKnownFileType = sourcecode.swift; path = OOTDUseCase.swift; sourceTree = "<group>"; };
		47C4C17F2BE7667600B60DDE /* CoordiDTO.swift */ = {isa = PBXFileReference; lastKnownFileType = sourcecode.swift; path = CoordiDTO.swift; sourceTree = "<group>"; };
		47C4C1812BE7731A00B60DDE /* CoordiMainViewModel.swift */ = {isa = PBXFileReference; lastKnownFileType = sourcecode.swift; path = CoordiMainViewModel.swift; sourceTree = "<group>"; };
		47DF6F702BC6B9D900E64B12 /* Pretendard-Black.otf */ = {isa = PBXFileReference; lastKnownFileType = file; path = "Pretendard-Black.otf"; sourceTree = "<group>"; };
		47DF6F712BC6B9D900E64B12 /* Pretendard-Thin.otf */ = {isa = PBXFileReference; lastKnownFileType = file; path = "Pretendard-Thin.otf"; sourceTree = "<group>"; };
		47DF6F722BC6B9D900E64B12 /* Pretendard-Regular.otf */ = {isa = PBXFileReference; lastKnownFileType = file; path = "Pretendard-Regular.otf"; sourceTree = "<group>"; };
		47DF6F732BC6B9D900E64B12 /* Pretendard-Light.otf */ = {isa = PBXFileReference; lastKnownFileType = file; path = "Pretendard-Light.otf"; sourceTree = "<group>"; };
		47DF6F742BC6B9D900E64B12 /* Pretendard-Medium.otf */ = {isa = PBXFileReference; lastKnownFileType = file; path = "Pretendard-Medium.otf"; sourceTree = "<group>"; };
		47DF6F752BC6B9D900E64B12 /* Pretendard-SemiBold.otf */ = {isa = PBXFileReference; lastKnownFileType = file; path = "Pretendard-SemiBold.otf"; sourceTree = "<group>"; };
		47DF6F762BC6B9D900E64B12 /* Pretendard-ExtraBold.otf */ = {isa = PBXFileReference; lastKnownFileType = file; path = "Pretendard-ExtraBold.otf"; sourceTree = "<group>"; };
		47DF6F772BC6B9D900E64B12 /* Pretendard-Bold.otf */ = {isa = PBXFileReference; lastKnownFileType = file; path = "Pretendard-Bold.otf"; sourceTree = "<group>"; };
		47DF6F782BC6B9D900E64B12 /* Pretendard-ExtraLight.otf */ = {isa = PBXFileReference; lastKnownFileType = file; path = "Pretendard-ExtraLight.otf"; sourceTree = "<group>"; };
		47DF6F982BC6BF6100E64B12 /* TextFieldComponent.swift */ = {isa = PBXFileReference; lastKnownFileType = sourcecode.swift; path = TextFieldComponent.swift; sourceTree = "<group>"; };
		47DF6F9A2BC6CC7C00E64B12 /* ButtonComponent.swift */ = {isa = PBXFileReference; lastKnownFileType = sourcecode.swift; path = ButtonComponent.swift; sourceTree = "<group>"; };
		47DF6F9E2BC7010100E64B12 /* RegisterNickNameView.swift */ = {isa = PBXFileReference; lastKnownFileType = sourcecode.swift; path = RegisterNickNameView.swift; sourceTree = "<group>"; };
		47E560C82BEF3939003114CC /* PutCoordiRecordView.swift */ = {isa = PBXFileReference; lastKnownFileType = sourcecode.swift; path = PutCoordiRecordView.swift; sourceTree = "<group>"; };
		47E560CA2BEF3973003114CC /* PutCoordiRecordViewModel.swift */ = {isa = PBXFileReference; lastKnownFileType = sourcecode.swift; path = PutCoordiRecordViewModel.swift; sourceTree = "<group>"; };
		47E6BB6E2BC56D3600A72F3D /* AppError.swift */ = {isa = PBXFileReference; lastKnownFileType = sourcecode.swift; path = AppError.swift; sourceTree = "<group>"; };
		47E6BB702BC56FD800A72F3D /* MemberEndPoint.swift */ = {isa = PBXFileReference; lastKnownFileType = sourcecode.swift; path = MemberEndPoint.swift; sourceTree = "<group>"; };
		47E740312BD8DAF0003A71D5 /* SettingView.swift */ = {isa = PBXFileReference; lastKnownFileType = sourcecode.swift; path = SettingView.swift; sourceTree = "<group>"; };
		47E740362BD8DE72003A71D5 /* ImagePicker.swift */ = {isa = PBXFileReference; lastKnownFileType = sourcecode.swift; path = ImagePicker.swift; sourceTree = "<group>"; };
		47E7403A2BD8F788003A71D5 /* OotdDTO.swift */ = {isa = PBXFileReference; lastKnownFileType = sourcecode.swift; path = OotdDTO.swift; sourceTree = "<group>"; };
		47E7403C2BD8FB71003A71D5 /* OOTDEndPoint.swift */ = {isa = PBXFileReference; lastKnownFileType = sourcecode.swift; path = OOTDEndPoint.swift; sourceTree = "<group>"; };
		47E7403E2BD90D46003A71D5 /* ClothesEndPoint.swift */ = {isa = PBXFileReference; lastKnownFileType = sourcecode.swift; path = ClothesEndPoint.swift; sourceTree = "<group>"; };
		47E740402BD90D5A003A71D5 /* CoordiEndPoint.swift */ = {isa = PBXFileReference; lastKnownFileType = sourcecode.swift; path = CoordiEndPoint.swift; sourceTree = "<group>"; };
		47E740422BD91509003A71D5 /* OOTDComponent.swift */ = {isa = PBXFileReference; lastKnownFileType = sourcecode.swift; path = OOTDComponent.swift; sourceTree = "<group>"; };
		8812BBDD2BE3A57800F6AB08 /* ClothUnSelectedComponent.swift */ = {isa = PBXFileReference; lastKnownFileType = sourcecode.swift; path = ClothUnSelectedComponent.swift; sourceTree = "<group>"; };
		882228EF2BD98D8700CFF8B9 /* MyClothingView.swift */ = {isa = PBXFileReference; lastKnownFileType = sourcecode.swift; path = MyClothingView.swift; sourceTree = "<group>"; };
		882A51BF2BD938990048EE1A /* SegmentControlComponent.swift */ = {isa = PBXFileReference; lastKnownFileType = sourcecode.swift; path = SegmentControlComponent.swift; sourceTree = "<group>"; };
		882A51C12BD9471D0048EE1A /* SearchBarComponent.swift */ = {isa = PBXFileReference; lastKnownFileType = sourcecode.swift; path = SearchBarComponent.swift; sourceTree = "<group>"; };
		884E607E2BE2AC0F00682663 /* WeatherModel.swift */ = {isa = PBXFileReference; lastKnownFileType = sourcecode.swift; path = WeatherModel.swift; sourceTree = "<group>"; };
		884E60812BE2B7D700682663 /* WeatherView.swift */ = {isa = PBXFileReference; lastKnownFileType = sourcecode.swift; path = WeatherView.swift; sourceTree = "<group>"; };
		884E60832BE2B84D00682663 /* HomeBottomView.swift */ = {isa = PBXFileReference; lastKnownFileType = sourcecode.swift; path = HomeBottomView.swift; sourceTree = "<group>"; };
		884E60862BE2D10D00682663 /* AICoordiRecommendView.swift */ = {isa = PBXFileReference; lastKnownFileType = sourcecode.swift; path = AICoordiRecommendView.swift; sourceTree = "<group>"; };
		8856A02A2BD9731F00FCBFB8 /* ClothesDTO.swift */ = {isa = PBXFileReference; lastKnownFileType = sourcecode.swift; path = ClothesDTO.swift; sourceTree = "<group>"; };
		8856A02C2BD988B700FCBFB8 /* BlankDataIndicateComponent.swift */ = {isa = PBXFileReference; lastKnownFileType = sourcecode.swift; path = BlankDataIndicateComponent.swift; sourceTree = "<group>"; };
		885CC2572BEEB3DB00BAE02C /* Date+.swift */ = {isa = PBXFileReference; lastKnownFileType = sourcecode.swift; path = "Date+.swift"; sourceTree = "<group>"; };
		88759D972BECEE44000E4B83 /* MyClothingViewModel.swift */ = {isa = PBXFileReference; lastKnownFileType = sourcecode.swift; path = MyClothingViewModel.swift; sourceTree = "<group>"; };
		88B077542BEFEFF0002142BC /* AICoordiRecommendViewModel.swift */ = {isa = PBXFileReference; lastKnownFileType = sourcecode.swift; path = AICoordiRecommendViewModel.swift; sourceTree = "<group>"; };
/* End PBXFileReference section */

/* Begin PBXFrameworksBuildPhase section */
		47C29DAA2BC23A4800E3E2B9 /* Frameworks */ = {
			isa = PBXFrameworksBuildPhase;
			buildActionMask = 2147483647;
			files = (
				47C29DE22BC2453B00E3E2B9 /* Alamofire in Frameworks */,
				47C29DDF2BC2451600E3E2B9 /* Kingfisher in Frameworks */,
				47C29DDC2BC2450500E3E2B9 /* Lottie in Frameworks */,
			);
			runOnlyForDeploymentPostprocessing = 0;
		};
		47C29DBA2BC23A4A00E3E2B9 /* Frameworks */ = {
			isa = PBXFrameworksBuildPhase;
			buildActionMask = 2147483647;
			files = (
			);
			runOnlyForDeploymentPostprocessing = 0;
		};
		47C29DC42BC23A4A00E3E2B9 /* Frameworks */ = {
			isa = PBXFrameworksBuildPhase;
			buildActionMask = 2147483647;
			files = (
			);
			runOnlyForDeploymentPostprocessing = 0;
		};
/* End PBXFrameworksBuildPhase section */

/* Begin PBXGroup section */
		4705797A2BDBD0A50009A2CF /* AddOOTD */ = {
			isa = PBXGroup;
			children = (
				4705797B2BDBD0EE0009A2CF /* AddOOTDViewModel.swift */,
				4705797D2BDBD1190009A2CF /* AddOOTDView.swift */,
				470579802BDBD3450009A2CF /* GetCoordiView.swift */,
			);
			path = AddOOTD;
			sourceTree = "<group>";
		};
		47058C0D2BC953DC002D7468 /* SignUp */ = {
			isa = PBXGroup;
			children = (
				47705BF12BC770A2003B5D6E /* SignUpViewModel.swift */,
				47C29DF62BC248D000E3E2B9 /* SignUpView.swift */,
				47DF6F9E2BC7010100E64B12 /* RegisterNickNameView.swift */,
				476EAC3E2BD2B2A1008B2E15 /* SignUpFirstView.swift */,
				476EAC3C2BD2B28D008B2E15 /* SignUpSecondView.swift */,
			);
			path = SignUp;
			sourceTree = "<group>";
		};
		4738B5C52BD9A8640025DAF6 /* Following */ = {
			isa = PBXGroup;
			children = (
				47A46ED42BD97D9A0096525F /* FollowingListView.swift */,
				4738B5C82BD9A88D0025DAF6 /* FollowingViewModel.swift */,
			);
			path = Following;
			sourceTree = "<group>";
		};
		474656D62BF3DEFC00F001BF /* PutOOTD */ = {
			isa = PBXGroup;
			children = (
				474656D42BF3D38400F001BF /* PutOOTDView.swift */,
				474656D72BF3DF2700F001BF /* PutOOTDViewModel.swift */,
				474656D92BF469DA00F001BF /* GetCoordiforPutView.swift */,
			);
			path = PutOOTD;
			sourceTree = "<group>";
		};
		474656DB2BF46D5800F001BF /* OtherProfile */ = {
			isa = PBXGroup;
			children = (
				474656DE2BF46E2700F001BF /* OtherProfileViewModel.swift */,
				474656E22BF482E700F001BF /* OtherProfileView.swift */,
			);
			path = OtherProfile;
			sourceTree = "<group>";
		};
		474E58172BC633CD005B4225 /* Components */ = {
			isa = PBXGroup;
			children = (
				479058352BC907A2008FAD8E /* SecureFieldComponent.swift */,
				47DF6F982BC6BF6100E64B12 /* TextFieldComponent.swift */,
				47DF6F9A2BC6CC7C00E64B12 /* ButtonComponent.swift */,
				473BC8F82BD4F4B500E6D197 /* AlertComponent.swift */,
				474E8A682BD645AB0060E081 /* ClothSelectedComponent.swift */,
				474E8A782BD67A430060E081 /* ClothTagComponent.swift */,
				474E8A7A2BD6820C0060E081 /* ThicknessTagComponent.swift */,
				47E740422BD91509003A71D5 /* OOTDComponent.swift */,
				882A51BF2BD938990048EE1A /* SegmentControlComponent.swift */,
				882A51C12BD9471D0048EE1A /* SearchBarComponent.swift */,
				476D051D2BD9AEB800EB2B34 /* FollowingBtnComponent.swift */,
				8856A02C2BD988B700FCBFB8 /* BlankDataIndicateComponent.swift */,
				8812BBDD2BE3A57800F6AB08 /* ClothUnSelectedComponent.swift */,
				4754B86C2BEB3D750048C5C3 /* ClothSearchComponent.swift */,
				472FF0FD2BEBF43E001418AE /* ClothDetailComponent.swift */,
				4743B7CF2BEE701900F25C7E /* LocationView.swift */,
				47200E2C2BF0F237004B29FA /* ExtendedAlertComponent.swift */,
			);
			path = Components;
			sourceTree = "<group>";
		};
		474E8A6D2BD670710060E081 /* Enums */ = {
			isa = PBXGroup;
			children = (
				474E8A6E2BD6707E0060E081 /* Category.swift */,
				474E8A702BD672680060E081 /* Satisfaction.swift */,
				474E8A722BD672BA0060E081 /* Thickness.swift */,
				474E8A742BD672CC0060E081 /* TempRate.swift */,
				474E8A762BD672EC0060E081 /* Weather.swift */,
			);
			path = Enums;
			sourceTree = "<group>";
		};
		474EBEED2BC5140900341A18 /* Base */ = {
			isa = PBXGroup;
			children = (
				47BE3A2B2BC38C8000F27E38 /* APITask.swift */,
				47BE3A2D2BC3910900F27E38 /* EndPoint.swift */,
				47BE3A2F2BC3938D00F27E38 /* APIManager.swift */,
				47BE3A312BC3951800F27E38 /* AuthManager.swift */,
			);
			path = Base;
			sourceTree = "<group>";
		};
		474EBEF12BC51E7000341A18 /* EndPoint */ = {
			isa = PBXGroup;
			children = (
				47E6BB702BC56FD800A72F3D /* MemberEndPoint.swift */,
				47E7403C2BD8FB71003A71D5 /* OOTDEndPoint.swift */,
				47E7403E2BD90D46003A71D5 /* ClothesEndPoint.swift */,
				47E740402BD90D5A003A71D5 /* CoordiEndPoint.swift */,
			);
			path = EndPoint;
			sourceTree = "<group>";
		};
		477166672BEF943100D9AC41 /* PutGoOutTime */ = {
			isa = PBXGroup;
			children = (
				477166642BEF941600D9AC41 /* PutGoOutTimeView.swift */,
				477166682BEF944800D9AC41 /* PutGoOutTimeViewModel.swift */,
				4771666A2BEFCEDE00D9AC41 /* RegisterGoOutTimeView.swift */,
			);
			path = PutGoOutTime;
			sourceTree = "<group>";
		};
		4789E7242BEA0EB3002CF53A /* AddCoordi */ = {
			isa = PBXGroup;
			children = (
				4789E7252BEA0ECA002CF53A /* AddCoordiRecordView.swift */,
				4789E7272BEA0FC6002CF53A /* AddCoordiPlanView.swift */,
				4789E7292BEAB644002CF53A /* AddCoordiRecordViewModel.swift */,
				472FF0FF2BEC21B0001418AE /* AddCoordiRecordSecondView.swift */,
			);
			path = AddCoordi;
			sourceTree = "<group>";
		};
		47A46ED62BD9868F0096525F /* LikeOOTD */ = {
			isa = PBXGroup;
			children = (
				47A46ED12BD97B3E0096525F /* LikeOOTDView.swift */,
				47A46ED72BD986E60096525F /* LikeOOTDViewModel.swift */,
			);
			path = LikeOOTD;
			sourceTree = "<group>";
		};
		47A922342BDF944B003234F9 /* OOTDItem */ = {
			isa = PBXGroup;
			children = (
				47A922352BDF9465003234F9 /* OOTDItemView.swift */,
				47A922372BDF9481003234F9 /* OOTDItemViewModel.swift */,
			);
			path = OOTDItem;
			sourceTree = "<group>";
		};
		47BE3A0C2BC37F5700F27E38 /* UseCase */ = {
			isa = PBXGroup;
			children = (
				47C29E302BC2514B00E3E2B9 /* MemberUseCase.swift */,
				47C29E322BC2515500E3E2B9 /* ClothesUseCase.swift */,
				47C29E362BC2516F00E3E2B9 /* CoordiUseCase.swift */,
				47C29E382BC2517E00E3E2B9 /* OOTDUseCase.swift */,
			);
			path = UseCase;
			sourceTree = "<group>";
		};
		47BE3A0D2BC37F8200F27E38 /* Model */ = {
			isa = PBXGroup;
			children = (
				884E607D2BE2AC0400682663 /* Weather */,
				47BE3A0E2BC37FBA00F27E38 /* Member */,
				47BE3A102BC37FDC00F27E38 /* Clothes */,
				47BE3A112BC37FE100F27E38 /* Coordi */,
				47BE3A0F2BC37FD700F27E38 /* OOTD */,
			);
			path = Model;
			sourceTree = "<group>";
		};
		47BE3A0E2BC37FBA00F27E38 /* Member */ = {
			isa = PBXGroup;
			children = (
				47BE3A122BC37FF900F27E38 /* Member.swift */,
			);
			path = Member;
			sourceTree = "<group>";
		};
		47BE3A0F2BC37FD700F27E38 /* OOTD */ = {
			isa = PBXGroup;
			children = (
				47BE3A192BC3801300F27E38 /* OOTD.swift */,
			);
			path = OOTD;
			sourceTree = "<group>";
		};
		47BE3A102BC37FDC00F27E38 /* Clothes */ = {
			isa = PBXGroup;
			children = (
				47BE3A142BC37FFF00F27E38 /* Clothes.swift */,
			);
			path = Clothes;
			sourceTree = "<group>";
		};
		47BE3A112BC37FE100F27E38 /* Coordi */ = {
			isa = PBXGroup;
			children = (
				47BE3A172BC3800E00F27E38 /* Coordi.swift */,
			);
			path = Coordi;
			sourceTree = "<group>";
		};
		47BE3A1B2BC3808900F27E38 /* Repository */ = {
			isa = PBXGroup;
			children = (
				47BE3A1C2BC3809C00F27E38 /* MemberRepository.swift */,
				47BE3A1E2BC380A400F27E38 /* ClothesRepository.swift */,
				47BE3A202BC380AD00F27E38 /* CoordiRepository.swift */,
				47BE3A222BC380BA00F27E38 /* OOTDRepository.swift */,
			);
			path = Repository;
			sourceTree = "<group>";
		};
		47BE3A242BC380C900F27E38 /* API */ = {
			isa = PBXGroup;
			children = (
				474EBEED2BC5140900341A18 /* Base */,
				474EBEF12BC51E7000341A18 /* EndPoint */,
				47BE3A382BC3C91400F27E38 /* Example */,
			);
			path = API;
			sourceTree = "<group>";
		};
		47BE3A252BC3889D00F27E38 /* Local */ = {
			isa = PBXGroup;
			children = (
				47BE3A262BC388A700F27E38 /* KeyChainManager.swift */,
			);
			path = Local;
			sourceTree = "<group>";
		};
		47BE3A282BC3897B00F27E38 /* ErrorHandling */ = {
			isa = PBXGroup;
			children = (
				47BE3A292BC3898E00F27E38 /* ErrorHandler.swift */,
				47E6BB6E2BC56D3600A72F3D /* AppError.swift */,
			);
			path = ErrorHandling;
			sourceTree = "<group>";
		};
		47BE3A332BC3BAD100F27E38 /* DTO */ = {
			isa = PBXGroup;
			children = (
				47BE3A342BC3BAF500F27E38 /* BaseResponse.swift */,
				47A718FC2BCB769200AD66A3 /* MemberDTO.swift */,
				47E7403A2BD8F788003A71D5 /* OotdDTO.swift */,
				8856A02A2BD9731F00FCBFB8 /* ClothesDTO.swift */,
				47C4C17F2BE7667600B60DDE /* CoordiDTO.swift */,
			);
			path = DTO;
			sourceTree = "<group>";
		};
		47BE3A382BC3C91400F27E38 /* Example */ = {
			isa = PBXGroup;
			children = (
				47BE3A3B2BC3CBBD00F27E38 /* Test.swift */,
				47BE3A392BC3C97300F27E38 /* TestEndPoint.swift */,
				47BE3A3F2BC3CE2B00F27E38 /* TestRepository.swift */,
				47BE3A3D2BC3CE1600F27E38 /* TestUseCase.swift */,
				47BE3A422BC4C99100F27E38 /* TestViewModel.swift */,
				47BE3A442BC4C99B00F27E38 /* TestView.swift */,
			);
			path = Example;
			sourceTree = "<group>";
		};
		47C29DA42BC23A4800E3E2B9 = {
			isa = PBXGroup;
			children = (
				47C29DAF2BC23A4800E3E2B9 /* Ondoset */,
				47C29DC02BC23A4A00E3E2B9 /* OndosetTests */,
				47C29DCA2BC23A4A00E3E2B9 /* OndosetUITests */,
				47C29DAE2BC23A4800E3E2B9 /* Products */,
			);
			sourceTree = "<group>";
		};
		47C29DAE2BC23A4800E3E2B9 /* Products */ = {
			isa = PBXGroup;
			children = (
				47C29DAD2BC23A4800E3E2B9 /* Ondoset.app */,
				47C29DBD2BC23A4A00E3E2B9 /* OndosetTests.xctest */,
				47C29DC72BC23A4A00E3E2B9 /* OndosetUITests.xctest */,
			);
			name = Products;
			sourceTree = "<group>";
		};
		47C29DAF2BC23A4800E3E2B9 /* Ondoset */ = {
			isa = PBXGroup;
			children = (
				47BAF23E2BC6673D002474E7 /* Info.plist */,
				47C29DB02BC23A4800E3E2B9 /* OndosetApp.swift */,
				47C29E172BC24CAD00E3E2B9 /* Common */,
				47C29DE52BC2460000E3E2B9 /* Data */,
				47C29DE42BC245D000E3E2B9 /* Domain */,
				47C29DE32BC245C900E3E2B9 /* Presentation */,
				47C29DB42BC23A4A00E3E2B9 /* Assets.xcassets */,
				47C29DB62BC23A4A00E3E2B9 /* Preview Content */,
			);
			path = Ondoset;
			sourceTree = "<group>";
		};
		47C29DB62BC23A4A00E3E2B9 /* Preview Content */ = {
			isa = PBXGroup;
			children = (
				47C29DB72BC23A4A00E3E2B9 /* Preview Assets.xcassets */,
			);
			path = "Preview Content";
			sourceTree = "<group>";
		};
		47C29DC02BC23A4A00E3E2B9 /* OndosetTests */ = {
			isa = PBXGroup;
			children = (
				47C29DC12BC23A4A00E3E2B9 /* OndosetTests.swift */,
			);
			path = OndosetTests;
			sourceTree = "<group>";
		};
		47C29DCA2BC23A4A00E3E2B9 /* OndosetUITests */ = {
			isa = PBXGroup;
			children = (
				47C29DCB2BC23A4A00E3E2B9 /* OndosetUITests.swift */,
				47C29DCD2BC23A4A00E3E2B9 /* OndosetUITestsLaunchTests.swift */,
			);
			path = OndosetUITests;
			sourceTree = "<group>";
		};
		47C29DE32BC245C900E3E2B9 /* Presentation */ = {
			isa = PBXGroup;
			children = (
				474E58172BC633CD005B4225 /* Components */,
				47C29DEE2BC2481D00E3E2B9 /* Initial */,
				47C29DEC2BC2480A00E3E2B9 /* Onboarding */,
				47C29DEA2BC2462D00E3E2B9 /* Home */,
				47C29DE92BC2462600E3E2B9 /* Coordi */,
				47C29DE82BC2462100E3E2B9 /* Closet */,
				47C29DE72BC2461900E3E2B9 /* OOTD */,
				47C29DE62BC2461200E3E2B9 /* MyPage */,
			);
			path = Presentation;
			sourceTree = "<group>";
		};
		47C29DE42BC245D000E3E2B9 /* Domain */ = {
			isa = PBXGroup;
			children = (
				47BE3A0D2BC37F8200F27E38 /* Model */,
				47BE3A0C2BC37F5700F27E38 /* UseCase */,
			);
			path = Domain;
			sourceTree = "<group>";
		};
		47C29DE52BC2460000E3E2B9 /* Data */ = {
			isa = PBXGroup;
			children = (
				47BE3A252BC3889D00F27E38 /* Local */,
				47BE3A242BC380C900F27E38 /* API */,
				47BE3A1B2BC3808900F27E38 /* Repository */,
				47BE3A332BC3BAD100F27E38 /* DTO */,
			);
			path = Data;
			sourceTree = "<group>";
		};
		47C29DE62BC2461200E3E2B9 /* MyPage */ = {
			isa = PBXGroup;
			children = (
				474656DB2BF46D5800F001BF /* OtherProfile */,
				47A922342BDF944B003234F9 /* OOTDItem */,
				4738B5C52BD9A8640025DAF6 /* Following */,
				47A46ED62BD9868F0096525F /* LikeOOTD */,
				47C29E122BC24A3F00E3E2B9 /* MyPageMain */,
			);
			path = MyPage;
			sourceTree = "<group>";
		};
		47C29DE72BC2461900E3E2B9 /* OOTD */ = {
			isa = PBXGroup;
			children = (
				474656D62BF3DEFC00F001BF /* PutOOTD */,
				4705797A2BDBD0A50009A2CF /* AddOOTD */,
				47C29E0B2BC24A0A00E3E2B9 /* OOTDMain */,
			);
			path = OOTD;
			sourceTree = "<group>";
		};
		47C29DE82BC2462100E3E2B9 /* Closet */ = {
			isa = PBXGroup;
			children = (
				882228EE2BD98D3200CFF8B9 /* MyClothing */,
				47C29E062BC249D800E3E2B9 /* ClosetMain */,
			);
			path = Closet;
			sourceTree = "<group>";
		};
		47C29DE92BC2462600E3E2B9 /* Coordi */ = {
			isa = PBXGroup;
			children = (
				477166672BEF943100D9AC41 /* PutGoOutTime */,
				47E560C72BEF3914003114CC /* PutCoordi */,
				4789E7242BEA0EB3002CF53A /* AddCoordi */,
				47C29E012BC249B100E3E2B9 /* CoordiMain */,
			);
			path = Coordi;
			sourceTree = "<group>";
		};
		47C29DEA2BC2462D00E3E2B9 /* Home */ = {
			isa = PBXGroup;
			children = (
				884E60852BE2D0F600682663 /* AICoordiRecommend */,
				47C29DFC2BC2495C00E3E2B9 /* HomeMain */,
			);
			path = Home;
			sourceTree = "<group>";
		};
		47C29DEC2BC2480A00E3E2B9 /* Onboarding */ = {
			isa = PBXGroup;
			children = (
				47C29DF82BC2490600E3E2B9 /* OnboardingView.swift */,
				47C29DFA2BC2491900E3E2B9 /* OnboardingViewModel.swift */,
			);
			path = Onboarding;
			sourceTree = "<group>";
		};
		47C29DEE2BC2481D00E3E2B9 /* Initial */ = {
			isa = PBXGroup;
			children = (
				47C29DF02BC2484200E3E2B9 /* SplashView.swift */,
				47BAF23A2BC65882002474E7 /* OndosetHome.swift */,
				47BAF23C2BC658AD002474E7 /* WholeViewModel.swift */,
				47058C0D2BC953DC002D7468 /* SignUp */,
				47C29DF32BC2489100E3E2B9 /* SignIn */,
			);
			path = Initial;
			sourceTree = "<group>";
		};
		47C29DF32BC2489100E3E2B9 /* SignIn */ = {
			isa = PBXGroup;
			children = (
				473EC52E2BD0FC6300AB59D2 /* SignInViewModel.swift */,
				47C29DF42BC248C300E3E2B9 /* SignInView.swift */,
			);
			path = SignIn;
			sourceTree = "<group>";
		};
		47C29DFC2BC2495C00E3E2B9 /* HomeMain */ = {
			isa = PBXGroup;
			children = (
				884E60812BE2B7D700682663 /* WeatherView.swift */,
				884E60832BE2B84D00682663 /* HomeBottomView.swift */,
				47C29DFF2BC249A400E3E2B9 /* HomeMainView.swift */,
				47C29DFD2BC2498C00E3E2B9 /* HomeMainViewModel.swift */,
			);
			path = HomeMain;
			sourceTree = "<group>";
		};
		47C29E012BC249B100E3E2B9 /* CoordiMain */ = {
			isa = PBXGroup;
			children = (
				47C29E022BC249C300E3E2B9 /* RecordMainView.swift */,
				47C29E042BC249D000E3E2B9 /* RecordMainViewModel.swift */,
				475E8A2E2BE5DC35002F5F26 /* CoordiMainView.swift */,
				47C4C1812BE7731A00B60DDE /* CoordiMainViewModel.swift */,
				4789E7222BEA0280002CF53A /* CoordiImageView.swift */,
			);
			path = CoordiMain;
			sourceTree = "<group>";
		};
		47C29E062BC249D800E3E2B9 /* ClosetMain */ = {
			isa = PBXGroup;
			children = (
				47C29E072BC249E900E3E2B9 /* ClosetMainView.swift */,
				47C29E092BC24A0200E3E2B9 /* ClosetMainViewModel.swift */,
			);
			path = ClosetMain;
			sourceTree = "<group>";
		};
		47C29E0B2BC24A0A00E3E2B9 /* OOTDMain */ = {
			isa = PBXGroup;
			children = (
				47C29E0C2BC24A1800E3E2B9 /* OOTDMainView.swift */,
				47C29E0E2BC24A2300E3E2B9 /* OOTDMainViewModel.swift */,
			);
			path = OOTDMain;
			sourceTree = "<group>";
		};
		47C29E122BC24A3F00E3E2B9 /* MyPageMain */ = {
			isa = PBXGroup;
			children = (
				47C29E152BC24A6300E3E2B9 /* MyPageMainViewModel.swift */,
				47C29E132BC24A5500E3E2B9 /* MyPageMainView.swift */,
				47E740312BD8DAF0003A71D5 /* SettingView.swift */,
			);
			path = MyPageMain;
			sourceTree = "<group>";
		};
		47C29E172BC24CAD00E3E2B9 /* Common */ = {
			isa = PBXGroup;
			children = (
				47C29E192BC24CFB00E3E2B9 /* Utils */,
				47C29E182BC24CEB00E3E2B9 /* Extensions */,
			);
			path = Common;
			sourceTree = "<group>";
		};
		47C29E182BC24CEB00E3E2B9 /* Extensions */ = {
			isa = PBXGroup;
			children = (
				47C29E1A2BC24D9700E3E2B9 /* Fonts */,
				47C29E282BC2500200E3E2B9 /* ViewHiddenModifier.swift */,
				47C29E242BC24DD600E3E2B9 /* Font+.swift */,
				47C29E262BC24EA400E3E2B9 /* Color+.swift */,
				47BE3A362BC3C16B00F27E38 /* Data+.swift */,
				470479002BE28D4E002CFF82 /* DateFormatter.swift */,
				885CC2572BEEB3DB00BAE02C /* Date+.swift */,
			);
			path = Extensions;
			sourceTree = "<group>";
		};
		47C29E192BC24CFB00E3E2B9 /* Utils */ = {
			isa = PBXGroup;
			children = (
				474E8A6D2BD670710060E081 /* Enums */,
				47BE3A282BC3897B00F27E38 /* ErrorHandling */,
				47C29E2A2BC2504900E3E2B9 /* Constants.swift */,
				47E740362BD8DE72003A71D5 /* ImagePicker.swift */,
				4738C8C12BEE031600AED673 /* LocationManager.swift */,
				47A6E21F2C03A1270096A291 /* Methods.swift */,
			);
			path = Utils;
			sourceTree = "<group>";
		};
		47C29E1A2BC24D9700E3E2B9 /* Fonts */ = {
			isa = PBXGroup;
			children = (
				47DF6F702BC6B9D900E64B12 /* Pretendard-Black.otf */,
				47DF6F772BC6B9D900E64B12 /* Pretendard-Bold.otf */,
				47DF6F762BC6B9D900E64B12 /* Pretendard-ExtraBold.otf */,
				47DF6F782BC6B9D900E64B12 /* Pretendard-ExtraLight.otf */,
				47DF6F732BC6B9D900E64B12 /* Pretendard-Light.otf */,
				47DF6F742BC6B9D900E64B12 /* Pretendard-Medium.otf */,
				47DF6F722BC6B9D900E64B12 /* Pretendard-Regular.otf */,
				47DF6F752BC6B9D900E64B12 /* Pretendard-SemiBold.otf */,
				47DF6F712BC6B9D900E64B12 /* Pretendard-Thin.otf */,
			);
			name = Fonts;
			path = ../Fonts;
			sourceTree = "<group>";
		};
		47E560C72BEF3914003114CC /* PutCoordi */ = {
			isa = PBXGroup;
			children = (
				47E560C82BEF3939003114CC /* PutCoordiRecordView.swift */,
				47E560CA2BEF3973003114CC /* PutCoordiRecordViewModel.swift */,
			);
			path = PutCoordi;
			sourceTree = "<group>";
		};
		882228EE2BD98D3200CFF8B9 /* MyClothing */ = {
			isa = PBXGroup;
			children = (
				882228EF2BD98D8700CFF8B9 /* MyClothingView.swift */,
				88759D972BECEE44000E4B83 /* MyClothingViewModel.swift */,
			);
			path = MyClothing;
			sourceTree = "<group>";
		};
		884E607D2BE2AC0400682663 /* Weather */ = {
			isa = PBXGroup;
			children = (
				884E607E2BE2AC0F00682663 /* WeatherModel.swift */,
			);
			path = Weather;
			sourceTree = "<group>";
		};
		884E60852BE2D0F600682663 /* AICoordiRecommend */ = {
			isa = PBXGroup;
			children = (
				884E60862BE2D10D00682663 /* AICoordiRecommendView.swift */,
				88B077542BEFEFF0002142BC /* AICoordiRecommendViewModel.swift */,
			);
			path = AICoordiRecommend;
			sourceTree = "<group>";
		};
/* End PBXGroup section */

/* Begin PBXNativeTarget section */
		47C29DAC2BC23A4800E3E2B9 /* Ondoset */ = {
			isa = PBXNativeTarget;
			buildConfigurationList = 47C29DD12BC23A4A00E3E2B9 /* Build configuration list for PBXNativeTarget "Ondoset" */;
			buildPhases = (
				47C29DA92BC23A4800E3E2B9 /* Sources */,
				47C29DAA2BC23A4800E3E2B9 /* Frameworks */,
				47C29DAB2BC23A4800E3E2B9 /* Resources */,
			);
			buildRules = (
			);
			dependencies = (
			);
			name = Ondoset;
			packageProductDependencies = (
				47C29DDB2BC2450500E3E2B9 /* Lottie */,
				47C29DDE2BC2451600E3E2B9 /* Kingfisher */,
				47C29DE12BC2453B00E3E2B9 /* Alamofire */,
			);
			productName = Ondoset;
			productReference = 47C29DAD2BC23A4800E3E2B9 /* Ondoset.app */;
			productType = "com.apple.product-type.application";
		};
		47C29DBC2BC23A4A00E3E2B9 /* OndosetTests */ = {
			isa = PBXNativeTarget;
			buildConfigurationList = 47C29DD42BC23A4A00E3E2B9 /* Build configuration list for PBXNativeTarget "OndosetTests" */;
			buildPhases = (
				47C29DB92BC23A4A00E3E2B9 /* Sources */,
				47C29DBA2BC23A4A00E3E2B9 /* Frameworks */,
				47C29DBB2BC23A4A00E3E2B9 /* Resources */,
			);
			buildRules = (
			);
			dependencies = (
				47C29DBF2BC23A4A00E3E2B9 /* PBXTargetDependency */,
			);
			name = OndosetTests;
			productName = OndosetTests;
			productReference = 47C29DBD2BC23A4A00E3E2B9 /* OndosetTests.xctest */;
			productType = "com.apple.product-type.bundle.unit-test";
		};
		47C29DC62BC23A4A00E3E2B9 /* OndosetUITests */ = {
			isa = PBXNativeTarget;
			buildConfigurationList = 47C29DD72BC23A4A00E3E2B9 /* Build configuration list for PBXNativeTarget "OndosetUITests" */;
			buildPhases = (
				47C29DC32BC23A4A00E3E2B9 /* Sources */,
				47C29DC42BC23A4A00E3E2B9 /* Frameworks */,
				47C29DC52BC23A4A00E3E2B9 /* Resources */,
			);
			buildRules = (
			);
			dependencies = (
				47C29DC92BC23A4A00E3E2B9 /* PBXTargetDependency */,
			);
			name = OndosetUITests;
			productName = OndosetUITests;
			productReference = 47C29DC72BC23A4A00E3E2B9 /* OndosetUITests.xctest */;
			productType = "com.apple.product-type.bundle.ui-testing";
		};
/* End PBXNativeTarget section */

/* Begin PBXProject section */
		47C29DA52BC23A4800E3E2B9 /* Project object */ = {
			isa = PBXProject;
			attributes = {
				BuildIndependentTargetsInParallel = 1;
				LastSwiftUpdateCheck = 1530;
				LastUpgradeCheck = 1530;
				TargetAttributes = {
					47C29DAC2BC23A4800E3E2B9 = {
						CreatedOnToolsVersion = 15.3;
					};
					47C29DBC2BC23A4A00E3E2B9 = {
						CreatedOnToolsVersion = 15.3;
						TestTargetID = 47C29DAC2BC23A4800E3E2B9;
					};
					47C29DC62BC23A4A00E3E2B9 = {
						CreatedOnToolsVersion = 15.3;
						TestTargetID = 47C29DAC2BC23A4800E3E2B9;
					};
				};
			};
			buildConfigurationList = 47C29DA82BC23A4800E3E2B9 /* Build configuration list for PBXProject "Ondoset" */;
			compatibilityVersion = "Xcode 14.0";
			developmentRegion = en;
			hasScannedForEncodings = 0;
			knownRegions = (
				en,
				Base,
			);
			mainGroup = 47C29DA42BC23A4800E3E2B9;
			packageReferences = (
				47C29DDA2BC2450500E3E2B9 /* XCRemoteSwiftPackageReference "lottie-ios" */,
				47C29DDD2BC2451600E3E2B9 /* XCRemoteSwiftPackageReference "Kingfisher" */,
				47C29DE02BC2453B00E3E2B9 /* XCRemoteSwiftPackageReference "Alamofire" */,
			);
			productRefGroup = 47C29DAE2BC23A4800E3E2B9 /* Products */;
			projectDirPath = "";
			projectRoot = "";
			targets = (
				47C29DAC2BC23A4800E3E2B9 /* Ondoset */,
				47C29DBC2BC23A4A00E3E2B9 /* OndosetTests */,
				47C29DC62BC23A4A00E3E2B9 /* OndosetUITests */,
			);
		};
/* End PBXProject section */

/* Begin PBXResourcesBuildPhase section */
		47C29DAB2BC23A4800E3E2B9 /* Resources */ = {
			isa = PBXResourcesBuildPhase;
			buildActionMask = 2147483647;
			files = (
				47DF6F7D2BC6B9D900E64B12 /* Pretendard-Medium.otf in Resources */,
				47DF6F802BC6B9D900E64B12 /* Pretendard-Bold.otf in Resources */,
				47C29DB82BC23A4A00E3E2B9 /* Preview Assets.xcassets in Resources */,
				47DF6F7F2BC6B9D900E64B12 /* Pretendard-ExtraBold.otf in Resources */,
				47DF6F792BC6B9D900E64B12 /* Pretendard-Black.otf in Resources */,
				47DF6F7E2BC6B9D900E64B12 /* Pretendard-SemiBold.otf in Resources */,
				47DF6F7B2BC6B9D900E64B12 /* Pretendard-Regular.otf in Resources */,
				47C29DB52BC23A4A00E3E2B9 /* Assets.xcassets in Resources */,
				47DF6F7A2BC6B9D900E64B12 /* Pretendard-Thin.otf in Resources */,
				47DF6F7C2BC6B9D900E64B12 /* Pretendard-Light.otf in Resources */,
				47DF6F812BC6B9D900E64B12 /* Pretendard-ExtraLight.otf in Resources */,
			);
			runOnlyForDeploymentPostprocessing = 0;
		};
		47C29DBB2BC23A4A00E3E2B9 /* Resources */ = {
			isa = PBXResourcesBuildPhase;
			buildActionMask = 2147483647;
			files = (
			);
			runOnlyForDeploymentPostprocessing = 0;
		};
		47C29DC52BC23A4A00E3E2B9 /* Resources */ = {
			isa = PBXResourcesBuildPhase;
			buildActionMask = 2147483647;
			files = (
			);
			runOnlyForDeploymentPostprocessing = 0;
		};
/* End PBXResourcesBuildPhase section */

/* Begin PBXSourcesBuildPhase section */
		47C29DA92BC23A4800E3E2B9 /* Sources */ = {
			isa = PBXSourcesBuildPhase;
			buildActionMask = 2147483647;
			files = (
				477166692BEF944800D9AC41 /* PutGoOutTimeViewModel.swift in Sources */,
				47A46ED52BD97D9A0096525F /* FollowingListView.swift in Sources */,
				47C29E252BC24DD600E3E2B9 /* Font+.swift in Sources */,
				477166652BEF941600D9AC41 /* PutGoOutTimeView.swift in Sources */,
				472FF0FE2BEBF43E001418AE /* ClothDetailComponent.swift in Sources */,
				47C29E272BC24EA400E3E2B9 /* Color+.swift in Sources */,
				47C29E292BC2500200E3E2B9 /* ViewHiddenModifier.swift in Sources */,
				474E8A752BD672CC0060E081 /* TempRate.swift in Sources */,
				8856A02B2BD9731F00FCBFB8 /* ClothesDTO.swift in Sources */,
				47BE3A3E2BC3CE1600F27E38 /* TestUseCase.swift in Sources */,
				8856A02D2BD988B700FCBFB8 /* BlankDataIndicateComponent.swift in Sources */,
				47C29DF72BC248D000E3E2B9 /* SignUpView.swift in Sources */,
				47200E2D2BF0F237004B29FA /* ExtendedAlertComponent.swift in Sources */,
				47BE3A272BC388A700F27E38 /* KeyChainManager.swift in Sources */,
				47E7403F2BD90D46003A71D5 /* ClothesEndPoint.swift in Sources */,
				884E60872BE2D10D00682663 /* AICoordiRecommendView.swift in Sources */,
				474656D82BF3DF2700F001BF /* PutOOTDViewModel.swift in Sources */,
				474E8A7B2BD6820C0060E081 /* ThicknessTagComponent.swift in Sources */,
				47BE3A182BC3800E00F27E38 /* Coordi.swift in Sources */,
				47DF6F9B2BC6CC7C00E64B12 /* ButtonComponent.swift in Sources */,
				4743B7D02BEE701900F25C7E /* LocationView.swift in Sources */,
				47BE3A302BC3938D00F27E38 /* APIManager.swift in Sources */,
				47BE3A232BC380BA00F27E38 /* OOTDRepository.swift in Sources */,
				4789E7232BEA0280002CF53A /* CoordiImageView.swift in Sources */,
				47E7403D2BD8FB71003A71D5 /* OOTDEndPoint.swift in Sources */,
				47A6E2202C03A1270096A291 /* Methods.swift in Sources */,
				470479012BE28D4E002CFF82 /* DateFormatter.swift in Sources */,
				47BE3A212BC380AD00F27E38 /* CoordiRepository.swift in Sources */,
				47C29E142BC24A5500E3E2B9 /* MyPageMainView.swift in Sources */,
				47A922362BDF9465003234F9 /* OOTDItemView.swift in Sources */,
				47BE3A402BC3CE2B00F27E38 /* TestRepository.swift in Sources */,
				472FF1002BEC21B0001418AE /* AddCoordiRecordSecondView.swift in Sources */,
				47BE3A432BC4C99100F27E38 /* TestViewModel.swift in Sources */,
				47E560C92BEF3939003114CC /* PutCoordiRecordView.swift in Sources */,
				47C29E0F2BC24A2300E3E2B9 /* OOTDMainViewModel.swift in Sources */,
				47C29E312BC2514B00E3E2B9 /* MemberUseCase.swift in Sources */,
				47BE3A352BC3BAF500F27E38 /* BaseResponse.swift in Sources */,
				47C29E032BC249C300E3E2B9 /* RecordMainView.swift in Sources */,
				4705797E2BDBD1190009A2CF /* AddOOTDView.swift in Sources */,
				47E6BB712BC56FD800A72F3D /* MemberEndPoint.swift in Sources */,
				882A51C22BD9471D0048EE1A /* SearchBarComponent.swift in Sources */,
				47C29DB12BC23A4800E3E2B9 /* OndosetApp.swift in Sources */,
				47C29E372BC2516F00E3E2B9 /* CoordiUseCase.swift in Sources */,
				474E8A712BD672680060E081 /* Satisfaction.swift in Sources */,
				476EAC3F2BD2B2A1008B2E15 /* SignUpFirstView.swift in Sources */,
				47C29DF92BC2490600E3E2B9 /* OnboardingView.swift in Sources */,
				470579812BDBD3450009A2CF /* GetCoordiView.swift in Sources */,
				474656E32BF482E700F001BF /* OtherProfileView.swift in Sources */,
				88759D982BECEE44000E4B83 /* MyClothingViewModel.swift in Sources */,
				474E8A692BD645AB0060E081 /* ClothSelectedComponent.swift in Sources */,
				47E740322BD8DAF0003A71D5 /* SettingView.swift in Sources */,
				47A922382BDF9481003234F9 /* OOTDItemViewModel.swift in Sources */,
				885CC2582BEEB3DB00BAE02C /* Date+.swift in Sources */,
				47BAF23B2BC65882002474E7 /* OndosetHome.swift in Sources */,
				474656D52BF3D38400F001BF /* PutOOTDView.swift in Sources */,
				474656DF2BF46E2700F001BF /* OtherProfileViewModel.swift in Sources */,
				47E7403B2BD8F788003A71D5 /* OotdDTO.swift in Sources */,
				47E740372BD8DE72003A71D5 /* ImagePicker.swift in Sources */,
				4789E7262BEA0ECA002CF53A /* AddCoordiRecordView.swift in Sources */,
				47A718FD2BCB769200AD66A3 /* MemberDTO.swift in Sources */,
				47E6BB6F2BC56D3600A72F3D /* AppError.swift in Sources */,
				47E560CB2BEF3973003114CC /* PutCoordiRecordViewModel.swift in Sources */,
				476EAC3D2BD2B28D008B2E15 /* SignUpSecondView.swift in Sources */,
				474656DA2BF469DA00F001BF /* GetCoordiforPutView.swift in Sources */,
				47BE3A3C2BC3CBBD00F27E38 /* Test.swift in Sources */,
				4771666B2BEFCEDE00D9AC41 /* RegisterGoOutTimeView.swift in Sources */,
				4705797C2BDBD0EF0009A2CF /* AddOOTDViewModel.swift in Sources */,
				47DF6F9F2BC7010100E64B12 /* RegisterNickNameView.swift in Sources */,
				47BE3A1F2BC380A400F27E38 /* ClothesRepository.swift in Sources */,
				473BC8F92BD4F4B500E6D197 /* AlertComponent.swift in Sources */,
				47C29E0D2BC24A1800E3E2B9 /* OOTDMainView.swift in Sources */,
				47C29E082BC249E900E3E2B9 /* ClosetMainView.swift in Sources */,
				47C29DFE2BC2498C00E3E2B9 /* HomeMainViewModel.swift in Sources */,
				473EC52F2BD0FC6300AB59D2 /* SignInViewModel.swift in Sources */,
				47C29E0A2BC24A0200E3E2B9 /* ClosetMainViewModel.swift in Sources */,
				4738B5C92BD9A88D0025DAF6 /* FollowingViewModel.swift in Sources */,
				474E8A732BD672BA0060E081 /* Thickness.swift in Sources */,
				47C29E332BC2515500E3E2B9 /* ClothesUseCase.swift in Sources */,
				47C29DF52BC248C300E3E2B9 /* SignInView.swift in Sources */,
				4738C8C22BEE031600AED673 /* LocationManager.swift in Sources */,
				47E740432BD91509003A71D5 /* OOTDComponent.swift in Sources */,
				47C29E002BC249A400E3E2B9 /* HomeMainView.swift in Sources */,
				4754B86D2BEB3D750048C5C3 /* ClothSearchComponent.swift in Sources */,
				474E8A6F2BD6707E0060E081 /* Category.swift in Sources */,
				47BE3A2A2BC3898E00F27E38 /* ErrorHandler.swift in Sources */,
				47C29E2B2BC2504900E3E2B9 /* Constants.swift in Sources */,
				882228F02BD98D8700CFF8B9 /* MyClothingView.swift in Sources */,
				47BE3A372BC3C16B00F27E38 /* Data+.swift in Sources */,
				4789E7282BEA0FC6002CF53A /* AddCoordiPlanView.swift in Sources */,
				47C29E392BC2517E00E3E2B9 /* OOTDUseCase.swift in Sources */,
				47BAF23D2BC658AD002474E7 /* WholeViewModel.swift in Sources */,
				4789E72A2BEAB644002CF53A /* AddCoordiRecordViewModel.swift in Sources */,
				47C29E052BC249D000E3E2B9 /* RecordMainViewModel.swift in Sources */,
				47E740412BD90D5A003A71D5 /* CoordiEndPoint.swift in Sources */,
				47C4C1802BE7667600B60DDE /* CoordiDTO.swift in Sources */,
				47705BF22BC770A2003B5D6E /* SignUpViewModel.swift in Sources */,
				47C4C1822BE7731A00B60DDE /* CoordiMainViewModel.swift in Sources */,
				882A51C02BD938990048EE1A /* SegmentControlComponent.swift in Sources */,
				47C29DFB2BC2491900E3E2B9 /* OnboardingViewModel.swift in Sources */,
				475E8A2F2BE5DC35002F5F26 /* CoordiMainView.swift in Sources */,
				47BE3A1D2BC3809C00F27E38 /* MemberRepository.swift in Sources */,
				47DF6F992BC6BF6100E64B12 /* TextFieldComponent.swift in Sources */,
				884E60842BE2B84D00682663 /* HomeBottomView.swift in Sources */,
				47BE3A152BC37FFF00F27E38 /* Clothes.swift in Sources */,
				47BE3A2E2BC3910900F27E38 /* EndPoint.swift in Sources */,
				474E8A792BD67A430060E081 /* ClothTagComponent.swift in Sources */,
				47C29DF12BC2484200E3E2B9 /* SplashView.swift in Sources */,
				47BE3A322BC3951800F27E38 /* AuthManager.swift in Sources */,
				474E8A772BD672EC0060E081 /* Weather.swift in Sources */,
				884E607F2BE2AC0F00682663 /* WeatherModel.swift in Sources */,
				884E60822BE2B7D700682663 /* WeatherView.swift in Sources */,
				47BE3A2C2BC38C8000F27E38 /* APITask.swift in Sources */,
				47C29E162BC24A6300E3E2B9 /* MyPageMainViewModel.swift in Sources */,
				47BE3A452BC4C99B00F27E38 /* TestView.swift in Sources */,
				476D051E2BD9AEB800EB2B34 /* FollowingBtnComponent.swift in Sources */,
				47A46ED22BD97B3E0096525F /* LikeOOTDView.swift in Sources */,
				47A46ED82BD986E60096525F /* LikeOOTDViewModel.swift in Sources */,
				47BE3A132BC37FF900F27E38 /* Member.swift in Sources */,
				479058362BC907A3008FAD8E /* SecureFieldComponent.swift in Sources */,
				47BE3A3A2BC3C97300F27E38 /* TestEndPoint.swift in Sources */,
				8812BBDE2BE3A57800F6AB08 /* ClothUnSelectedComponent.swift in Sources */,
				88B077552BEFEFF0002142BC /* AICoordiRecommendViewModel.swift in Sources */,
				47BE3A1A2BC3801300F27E38 /* OOTD.swift in Sources */,
			);
			runOnlyForDeploymentPostprocessing = 0;
		};
		47C29DB92BC23A4A00E3E2B9 /* Sources */ = {
			isa = PBXSourcesBuildPhase;
			buildActionMask = 2147483647;
			files = (
				47C29DC22BC23A4A00E3E2B9 /* OndosetTests.swift in Sources */,
			);
			runOnlyForDeploymentPostprocessing = 0;
		};
		47C29DC32BC23A4A00E3E2B9 /* Sources */ = {
			isa = PBXSourcesBuildPhase;
			buildActionMask = 2147483647;
			files = (
				47C29DCC2BC23A4A00E3E2B9 /* OndosetUITests.swift in Sources */,
				47C29DCE2BC23A4A00E3E2B9 /* OndosetUITestsLaunchTests.swift in Sources */,
			);
			runOnlyForDeploymentPostprocessing = 0;
		};
/* End PBXSourcesBuildPhase section */

/* Begin PBXTargetDependency section */
		47C29DBF2BC23A4A00E3E2B9 /* PBXTargetDependency */ = {
			isa = PBXTargetDependency;
			target = 47C29DAC2BC23A4800E3E2B9 /* Ondoset */;
			targetProxy = 47C29DBE2BC23A4A00E3E2B9 /* PBXContainerItemProxy */;
		};
		47C29DC92BC23A4A00E3E2B9 /* PBXTargetDependency */ = {
			isa = PBXTargetDependency;
			target = 47C29DAC2BC23A4800E3E2B9 /* Ondoset */;
			targetProxy = 47C29DC82BC23A4A00E3E2B9 /* PBXContainerItemProxy */;
		};
/* End PBXTargetDependency section */

/* Begin XCBuildConfiguration section */
		47C29DCF2BC23A4A00E3E2B9 /* Debug */ = {
			isa = XCBuildConfiguration;
			buildSettings = {
				ALWAYS_SEARCH_USER_PATHS = NO;
				ASSETCATALOG_COMPILER_GENERATE_SWIFT_ASSET_SYMBOL_EXTENSIONS = YES;
				CLANG_ANALYZER_NONNULL = YES;
				CLANG_ANALYZER_NUMBER_OBJECT_CONVERSION = YES_AGGRESSIVE;
				CLANG_CXX_LANGUAGE_STANDARD = "gnu++20";
				CLANG_ENABLE_MODULES = YES;
				CLANG_ENABLE_OBJC_ARC = YES;
				CLANG_ENABLE_OBJC_WEAK = YES;
				CLANG_WARN_BLOCK_CAPTURE_AUTORELEASING = YES;
				CLANG_WARN_BOOL_CONVERSION = YES;
				CLANG_WARN_COMMA = YES;
				CLANG_WARN_CONSTANT_CONVERSION = YES;
				CLANG_WARN_DEPRECATED_OBJC_IMPLEMENTATIONS = YES;
				CLANG_WARN_DIRECT_OBJC_ISA_USAGE = YES_ERROR;
				CLANG_WARN_DOCUMENTATION_COMMENTS = YES;
				CLANG_WARN_EMPTY_BODY = YES;
				CLANG_WARN_ENUM_CONVERSION = YES;
				CLANG_WARN_INFINITE_RECURSION = YES;
				CLANG_WARN_INT_CONVERSION = YES;
				CLANG_WARN_NON_LITERAL_NULL_CONVERSION = YES;
				CLANG_WARN_OBJC_IMPLICIT_RETAIN_SELF = YES;
				CLANG_WARN_OBJC_LITERAL_CONVERSION = YES;
				CLANG_WARN_OBJC_ROOT_CLASS = YES_ERROR;
				CLANG_WARN_QUOTED_INCLUDE_IN_FRAMEWORK_HEADER = YES;
				CLANG_WARN_RANGE_LOOP_ANALYSIS = YES;
				CLANG_WARN_STRICT_PROTOTYPES = YES;
				CLANG_WARN_SUSPICIOUS_MOVE = YES;
				CLANG_WARN_UNGUARDED_AVAILABILITY = YES_AGGRESSIVE;
				CLANG_WARN_UNREACHABLE_CODE = YES;
				CLANG_WARN__DUPLICATE_METHOD_MATCH = YES;
				COPY_PHASE_STRIP = NO;
				DEBUG_INFORMATION_FORMAT = dwarf;
				ENABLE_STRICT_OBJC_MSGSEND = YES;
				ENABLE_TESTABILITY = YES;
				ENABLE_USER_SCRIPT_SANDBOXING = YES;
				GCC_C_LANGUAGE_STANDARD = gnu17;
				GCC_DYNAMIC_NO_PIC = NO;
				GCC_NO_COMMON_BLOCKS = YES;
				GCC_OPTIMIZATION_LEVEL = 0;
				GCC_PREPROCESSOR_DEFINITIONS = (
					"DEBUG=1",
					"$(inherited)",
				);
				GCC_WARN_64_TO_32_BIT_CONVERSION = YES;
				GCC_WARN_ABOUT_RETURN_TYPE = YES_ERROR;
				GCC_WARN_UNDECLARED_SELECTOR = YES;
				GCC_WARN_UNINITIALIZED_AUTOS = YES_AGGRESSIVE;
				GCC_WARN_UNUSED_FUNCTION = YES;
				GCC_WARN_UNUSED_VARIABLE = YES;
				IPHONEOS_DEPLOYMENT_TARGET = 16.0;
				LOCALIZATION_PREFERS_STRING_CATALOGS = YES;
				MTL_ENABLE_DEBUG_INFO = INCLUDE_SOURCE;
				MTL_FAST_MATH = YES;
				ONLY_ACTIVE_ARCH = YES;
				SDKROOT = iphoneos;
				SWIFT_ACTIVE_COMPILATION_CONDITIONS = "DEBUG $(inherited)";
				SWIFT_OPTIMIZATION_LEVEL = "-Onone";
			};
			name = Debug;
		};
		47C29DD02BC23A4A00E3E2B9 /* Release */ = {
			isa = XCBuildConfiguration;
			buildSettings = {
				ALWAYS_SEARCH_USER_PATHS = NO;
				ASSETCATALOG_COMPILER_GENERATE_SWIFT_ASSET_SYMBOL_EXTENSIONS = YES;
				CLANG_ANALYZER_NONNULL = YES;
				CLANG_ANALYZER_NUMBER_OBJECT_CONVERSION = YES_AGGRESSIVE;
				CLANG_CXX_LANGUAGE_STANDARD = "gnu++20";
				CLANG_ENABLE_MODULES = YES;
				CLANG_ENABLE_OBJC_ARC = YES;
				CLANG_ENABLE_OBJC_WEAK = YES;
				CLANG_WARN_BLOCK_CAPTURE_AUTORELEASING = YES;
				CLANG_WARN_BOOL_CONVERSION = YES;
				CLANG_WARN_COMMA = YES;
				CLANG_WARN_CONSTANT_CONVERSION = YES;
				CLANG_WARN_DEPRECATED_OBJC_IMPLEMENTATIONS = YES;
				CLANG_WARN_DIRECT_OBJC_ISA_USAGE = YES_ERROR;
				CLANG_WARN_DOCUMENTATION_COMMENTS = YES;
				CLANG_WARN_EMPTY_BODY = YES;
				CLANG_WARN_ENUM_CONVERSION = YES;
				CLANG_WARN_INFINITE_RECURSION = YES;
				CLANG_WARN_INT_CONVERSION = YES;
				CLANG_WARN_NON_LITERAL_NULL_CONVERSION = YES;
				CLANG_WARN_OBJC_IMPLICIT_RETAIN_SELF = YES;
				CLANG_WARN_OBJC_LITERAL_CONVERSION = YES;
				CLANG_WARN_OBJC_ROOT_CLASS = YES_ERROR;
				CLANG_WARN_QUOTED_INCLUDE_IN_FRAMEWORK_HEADER = YES;
				CLANG_WARN_RANGE_LOOP_ANALYSIS = YES;
				CLANG_WARN_STRICT_PROTOTYPES = YES;
				CLANG_WARN_SUSPICIOUS_MOVE = YES;
				CLANG_WARN_UNGUARDED_AVAILABILITY = YES_AGGRESSIVE;
				CLANG_WARN_UNREACHABLE_CODE = YES;
				CLANG_WARN__DUPLICATE_METHOD_MATCH = YES;
				COPY_PHASE_STRIP = NO;
				DEBUG_INFORMATION_FORMAT = "dwarf-with-dsym";
				ENABLE_NS_ASSERTIONS = NO;
				ENABLE_STRICT_OBJC_MSGSEND = YES;
				ENABLE_USER_SCRIPT_SANDBOXING = YES;
				GCC_C_LANGUAGE_STANDARD = gnu17;
				GCC_NO_COMMON_BLOCKS = YES;
				GCC_WARN_64_TO_32_BIT_CONVERSION = YES;
				GCC_WARN_ABOUT_RETURN_TYPE = YES_ERROR;
				GCC_WARN_UNDECLARED_SELECTOR = YES;
				GCC_WARN_UNINITIALIZED_AUTOS = YES_AGGRESSIVE;
				GCC_WARN_UNUSED_FUNCTION = YES;
				GCC_WARN_UNUSED_VARIABLE = YES;
				IPHONEOS_DEPLOYMENT_TARGET = 16.0;
				LOCALIZATION_PREFERS_STRING_CATALOGS = YES;
				MTL_ENABLE_DEBUG_INFO = NO;
				MTL_FAST_MATH = YES;
				SDKROOT = iphoneos;
				SWIFT_COMPILATION_MODE = wholemodule;
				VALIDATE_PRODUCT = YES;
			};
			name = Release;
		};
		47C29DD22BC23A4A00E3E2B9 /* Debug */ = {
			isa = XCBuildConfiguration;
			buildSettings = {
				ASSETCATALOG_COMPILER_APPICON_NAME = AppIcon;
				ASSETCATALOG_COMPILER_GLOBAL_ACCENT_COLOR_NAME = AccentColor;
				CODE_SIGN_STYLE = Automatic;
				CURRENT_PROJECT_VERSION = 1;
				DEVELOPMENT_ASSET_PATHS = "\"Ondoset/Preview Content\"";
				DEVELOPMENT_TEAM = 8T2JAAS967;
				ENABLE_PREVIEWS = YES;
				GENERATE_INFOPLIST_FILE = YES;
				INFOPLIST_FILE = Ondoset/Info.plist;
				INFOPLIST_KEY_UIApplicationSceneManifest_Generation = YES;
				INFOPLIST_KEY_UIApplicationSupportsIndirectInputEvents = YES;
				INFOPLIST_KEY_UILaunchScreen_Generation = YES;
				INFOPLIST_KEY_UISupportedInterfaceOrientations_iPad = "UIInterfaceOrientationPortrait UIInterfaceOrientationPortraitUpsideDown UIInterfaceOrientationLandscapeLeft UIInterfaceOrientationLandscapeRight";
				INFOPLIST_KEY_UISupportedInterfaceOrientations_iPhone = "UIInterfaceOrientationPortrait UIInterfaceOrientationLandscapeLeft UIInterfaceOrientationLandscapeRight";
				IPHONEOS_DEPLOYMENT_TARGET = 16.0;
				LD_RUNPATH_SEARCH_PATHS = (
					"$(inherited)",
					"@executable_path/Frameworks",
				);
				MARKETING_VERSION = 1.0;
				PRODUCT_BUNDLE_IDENTIFIER = com.easy.Ondoset;
				PRODUCT_NAME = "$(TARGET_NAME)";
				SWIFT_EMIT_LOC_STRINGS = YES;
				SWIFT_VERSION = 5.0;
				TARGETED_DEVICE_FAMILY = "1,2";
			};
			name = Debug;
		};
		47C29DD32BC23A4A00E3E2B9 /* Release */ = {
			isa = XCBuildConfiguration;
			buildSettings = {
				ASSETCATALOG_COMPILER_APPICON_NAME = AppIcon;
				ASSETCATALOG_COMPILER_GLOBAL_ACCENT_COLOR_NAME = AccentColor;
				CODE_SIGN_STYLE = Automatic;
				CURRENT_PROJECT_VERSION = 1;
				DEVELOPMENT_ASSET_PATHS = "\"Ondoset/Preview Content\"";
				DEVELOPMENT_TEAM = 8T2JAAS967;
				ENABLE_PREVIEWS = YES;
				GENERATE_INFOPLIST_FILE = YES;
				INFOPLIST_FILE = Ondoset/Info.plist;
				INFOPLIST_KEY_UIApplicationSceneManifest_Generation = YES;
				INFOPLIST_KEY_UIApplicationSupportsIndirectInputEvents = YES;
				INFOPLIST_KEY_UILaunchScreen_Generation = YES;
				INFOPLIST_KEY_UISupportedInterfaceOrientations_iPad = "UIInterfaceOrientationPortrait UIInterfaceOrientationPortraitUpsideDown UIInterfaceOrientationLandscapeLeft UIInterfaceOrientationLandscapeRight";
				INFOPLIST_KEY_UISupportedInterfaceOrientations_iPhone = "UIInterfaceOrientationPortrait UIInterfaceOrientationLandscapeLeft UIInterfaceOrientationLandscapeRight";
				IPHONEOS_DEPLOYMENT_TARGET = 16.0;
				LD_RUNPATH_SEARCH_PATHS = (
					"$(inherited)",
					"@executable_path/Frameworks",
				);
				MARKETING_VERSION = 1.0;
				PRODUCT_BUNDLE_IDENTIFIER = com.easy.Ondoset;
				PRODUCT_NAME = "$(TARGET_NAME)";
				SWIFT_EMIT_LOC_STRINGS = YES;
				SWIFT_VERSION = 5.0;
				TARGETED_DEVICE_FAMILY = "1,2";
			};
			name = Release;
		};
		47C29DD52BC23A4A00E3E2B9 /* Debug */ = {
			isa = XCBuildConfiguration;
			buildSettings = {
				ALWAYS_EMBED_SWIFT_STANDARD_LIBRARIES = YES;
				BUNDLE_LOADER = "$(TEST_HOST)";
				CODE_SIGN_STYLE = Automatic;
				CURRENT_PROJECT_VERSION = 1;
				GENERATE_INFOPLIST_FILE = YES;
				IPHONEOS_DEPLOYMENT_TARGET = 17.4;
				MARKETING_VERSION = 1.0;
				PRODUCT_BUNDLE_IDENTIFIER = com.easy.OndosetTests;
				PRODUCT_NAME = "$(TARGET_NAME)";
				SWIFT_EMIT_LOC_STRINGS = NO;
				SWIFT_VERSION = 5.0;
				TARGETED_DEVICE_FAMILY = "1,2";
				TEST_HOST = "$(BUILT_PRODUCTS_DIR)/Ondoset.app/$(BUNDLE_EXECUTABLE_FOLDER_PATH)/Ondoset";
			};
			name = Debug;
		};
		47C29DD62BC23A4A00E3E2B9 /* Release */ = {
			isa = XCBuildConfiguration;
			buildSettings = {
				ALWAYS_EMBED_SWIFT_STANDARD_LIBRARIES = YES;
				BUNDLE_LOADER = "$(TEST_HOST)";
				CODE_SIGN_STYLE = Automatic;
				CURRENT_PROJECT_VERSION = 1;
				GENERATE_INFOPLIST_FILE = YES;
				IPHONEOS_DEPLOYMENT_TARGET = 17.4;
				MARKETING_VERSION = 1.0;
				PRODUCT_BUNDLE_IDENTIFIER = com.easy.OndosetTests;
				PRODUCT_NAME = "$(TARGET_NAME)";
				SWIFT_EMIT_LOC_STRINGS = NO;
				SWIFT_VERSION = 5.0;
				TARGETED_DEVICE_FAMILY = "1,2";
				TEST_HOST = "$(BUILT_PRODUCTS_DIR)/Ondoset.app/$(BUNDLE_EXECUTABLE_FOLDER_PATH)/Ondoset";
			};
			name = Release;
		};
		47C29DD82BC23A4A00E3E2B9 /* Debug */ = {
			isa = XCBuildConfiguration;
			buildSettings = {
				ALWAYS_EMBED_SWIFT_STANDARD_LIBRARIES = YES;
				CODE_SIGN_STYLE = Automatic;
				CURRENT_PROJECT_VERSION = 1;
				GENERATE_INFOPLIST_FILE = YES;
				MARKETING_VERSION = 1.0;
				PRODUCT_BUNDLE_IDENTIFIER = com.easy.OndosetUITests;
				PRODUCT_NAME = "$(TARGET_NAME)";
				SWIFT_EMIT_LOC_STRINGS = NO;
				SWIFT_VERSION = 5.0;
				TARGETED_DEVICE_FAMILY = "1,2";
				TEST_TARGET_NAME = Ondoset;
			};
			name = Debug;
		};
		47C29DD92BC23A4A00E3E2B9 /* Release */ = {
			isa = XCBuildConfiguration;
			buildSettings = {
				ALWAYS_EMBED_SWIFT_STANDARD_LIBRARIES = YES;
				CODE_SIGN_STYLE = Automatic;
				CURRENT_PROJECT_VERSION = 1;
				GENERATE_INFOPLIST_FILE = YES;
				MARKETING_VERSION = 1.0;
				PRODUCT_BUNDLE_IDENTIFIER = com.easy.OndosetUITests;
				PRODUCT_NAME = "$(TARGET_NAME)";
				SWIFT_EMIT_LOC_STRINGS = NO;
				SWIFT_VERSION = 5.0;
				TARGETED_DEVICE_FAMILY = "1,2";
				TEST_TARGET_NAME = Ondoset;
			};
			name = Release;
		};
/* End XCBuildConfiguration section */

/* Begin XCConfigurationList section */
		47C29DA82BC23A4800E3E2B9 /* Build configuration list for PBXProject "Ondoset" */ = {
			isa = XCConfigurationList;
			buildConfigurations = (
				47C29DCF2BC23A4A00E3E2B9 /* Debug */,
				47C29DD02BC23A4A00E3E2B9 /* Release */,
			);
			defaultConfigurationIsVisible = 0;
			defaultConfigurationName = Release;
		};
		47C29DD12BC23A4A00E3E2B9 /* Build configuration list for PBXNativeTarget "Ondoset" */ = {
			isa = XCConfigurationList;
			buildConfigurations = (
				47C29DD22BC23A4A00E3E2B9 /* Debug */,
				47C29DD32BC23A4A00E3E2B9 /* Release */,
			);
			defaultConfigurationIsVisible = 0;
			defaultConfigurationName = Release;
		};
		47C29DD42BC23A4A00E3E2B9 /* Build configuration list for PBXNativeTarget "OndosetTests" */ = {
			isa = XCConfigurationList;
			buildConfigurations = (
				47C29DD52BC23A4A00E3E2B9 /* Debug */,
				47C29DD62BC23A4A00E3E2B9 /* Release */,
			);
			defaultConfigurationIsVisible = 0;
			defaultConfigurationName = Release;
		};
		47C29DD72BC23A4A00E3E2B9 /* Build configuration list for PBXNativeTarget "OndosetUITests" */ = {
			isa = XCConfigurationList;
			buildConfigurations = (
				47C29DD82BC23A4A00E3E2B9 /* Debug */,
				47C29DD92BC23A4A00E3E2B9 /* Release */,
			);
			defaultConfigurationIsVisible = 0;
			defaultConfigurationName = Release;
		};
/* End XCConfigurationList section */

/* Begin XCRemoteSwiftPackageReference section */
		47C29DDA2BC2450500E3E2B9 /* XCRemoteSwiftPackageReference "lottie-ios" */ = {
			isa = XCRemoteSwiftPackageReference;
			repositoryURL = "https://github.com/airbnb/lottie-ios";
			requirement = {
				kind = upToNextMajorVersion;
				minimumVersion = 4.4.2;
			};
		};
		47C29DDD2BC2451600E3E2B9 /* XCRemoteSwiftPackageReference "Kingfisher" */ = {
			isa = XCRemoteSwiftPackageReference;
			repositoryURL = "https://github.com/onevcat/Kingfisher";
			requirement = {
				kind = upToNextMajorVersion;
				minimumVersion = 7.11.0;
			};
		};
		47C29DE02BC2453B00E3E2B9 /* XCRemoteSwiftPackageReference "Alamofire" */ = {
			isa = XCRemoteSwiftPackageReference;
			repositoryURL = "https://github.com/Alamofire/Alamofire";
			requirement = {
				kind = upToNextMajorVersion;
				minimumVersion = 5.9.1;
			};
		};
/* End XCRemoteSwiftPackageReference section */

/* Begin XCSwiftPackageProductDependency section */
		47C29DDB2BC2450500E3E2B9 /* Lottie */ = {
			isa = XCSwiftPackageProductDependency;
			package = 47C29DDA2BC2450500E3E2B9 /* XCRemoteSwiftPackageReference "lottie-ios" */;
			productName = Lottie;
		};
		47C29DDE2BC2451600E3E2B9 /* Kingfisher */ = {
			isa = XCSwiftPackageProductDependency;
			package = 47C29DDD2BC2451600E3E2B9 /* XCRemoteSwiftPackageReference "Kingfisher" */;
			productName = Kingfisher;
		};
		47C29DE12BC2453B00E3E2B9 /* Alamofire */ = {
			isa = XCSwiftPackageProductDependency;
			package = 47C29DE02BC2453B00E3E2B9 /* XCRemoteSwiftPackageReference "Alamofire" */;
			productName = Alamofire;
		};
/* End XCSwiftPackageProductDependency section */
	};
	rootObject = 47C29DA52BC23A4800E3E2B9 /* Project object */;
}
